
Microsoft Visual Studio Solution File, Format Version 12.00
# Visual Studio 15
VisualStudioVersion = 15.0.26228.4
MinimumVisualStudioVersion = 10.0.40219.1
Project("{FAE04EC0-301F-11D3-BF4B-00C04F79EFBC}") = "Tasky.Droid", "Tasky.Droid\Tasky.Droid.csproj", "{EA729FE3-7050-4F2F-A9E8-A950E898AEB9}"
EndProject
Project("{FAE04EC0-301F-11D3-BF4B-00C04F79EFBC}") = "Tasky.iOS", "Tasky.iOS\Tasky.iOS.csproj", "{08FAE550-E302-4022-A871-17E0462E99F3}"
EndProject
Project("{FAE04EC0-301F-11D3-BF4B-00C04F79EFBC}") = "Tasky.Core", "Tasky.Core\Tasky.Core.csproj", "{4C27518A-0D41-4103-A63B-B9B22204866A}"
EndProject
Project("{FAE04EC0-301F-11D3-BF4B-00C04F79EFBC}") = "Tasky.UWP", "Tasky.UWP\Tasky.UWP.csproj", "{BD83C317-9BBD-4A86-BD47-2E862821154C}"
EndProject
Global
	GlobalSection(SolutionConfigurationPlatforms) = preSolution
		Debug|Any CPU = Debug|Any CPU
		Debug|ARM = Debug|ARM
		Debug|iPhone = Debug|iPhone
		Debug|iPhoneSimulator = Debug|iPhoneSimulator
		Debug|Mixed Platforms = Debug|Mixed Platforms
		Debug|x64 = Debug|x64
		Debug|x86 = Debug|x86
		Release|Any CPU = Release|Any CPU
		Release|ARM = Release|ARM
		Release|iPhone = Release|iPhone
		Release|iPhoneSimulator = Release|iPhoneSimulator
		Release|Mixed Platforms = Release|Mixed Platforms
		Release|x64 = Release|x64
		Release|x86 = Release|x86
	EndGlobalSection
	GlobalSection(ProjectConfigurationPlatforms) = postSolution
		{EA729FE3-7050-4F2F-A9E8-A950E898AEB9}.Debug|Any CPU.ActiveCfg = Debug|Any CPU
		{EA729FE3-7050-4F2F-A9E8-A950E898AEB9}.Debug|Any CPU.Build.0 = Debug|Any CPU
		{EA729FE3-7050-4F2F-A9E8-A950E898AEB9}.Debug|Any CPU.Deploy.0 = Debug|Any CPU
		{EA729FE3-7050-4F2F-A9E8-A950E898AEB9}.Debug|ARM.ActiveCfg = Debug|Any CPU
		{EA729FE3-7050-4F2F-A9E8-A950E898AEB9}.Debug|ARM.Build.0 = Debug|Any CPU
		{EA729FE3-7050-4F2F-A9E8-A950E898AEB9}.Debug|ARM.Deploy.0 = Debug|Any CPU
		{EA729FE3-7050-4F2F-A9E8-A950E898AEB9}.Debug|iPhone.ActiveCfg = Debug|Any CPU
		{EA729FE3-7050-4F2F-A9E8-A950E898AEB9}.Debug|iPhone.Build.0 = Debug|Any CPU
		{EA729FE3-7050-4F2F-A9E8-A950E898AEB9}.Debug|iPhoneSimulator.ActiveCfg = Debug|Any CPU
		{EA729FE3-7050-4F2F-A9E8-A950E898AEB9}.Debug|iPhoneSimulator.Build.0 = Debug|Any CPU
		{EA729FE3-7050-4F2F-A9E8-A950E898AEB9}.Debug|iPhoneSimulator.Deploy.0 = Debug|Any CPU
		{EA729FE3-7050-4F2F-A9E8-A950E898AEB9}.Debug|Mixed Platforms.ActiveCfg = Debug|Any CPU
		{EA729FE3-7050-4F2F-A9E8-A950E898AEB9}.Debug|Mixed Platforms.Build.0 = Debug|Any CPU
		{EA729FE3-7050-4F2F-A9E8-A950E898AEB9}.Debug|Mixed Platforms.Deploy.0 = Debug|Any CPU
		{EA729FE3-7050-4F2F-A9E8-A950E898AEB9}.Debug|x64.ActiveCfg = Debug|Any CPU
		{EA729FE3-7050-4F2F-A9E8-A950E898AEB9}.Debug|x64.Build.0 = Debug|Any CPU
		{EA729FE3-7050-4F2F-A9E8-A950E898AEB9}.Debug|x64.Deploy.0 = Debug|Any CPU
		{EA729FE3-7050-4F2F-A9E8-A950E898AEB9}.Debug|x86.ActiveCfg = Debug|Any CPU
		{EA729FE3-7050-4F2F-A9E8-A950E898AEB9}.Debug|x86.Build.0 = Debug|Any CPU
		{EA729FE3-7050-4F2F-A9E8-A950E898AEB9}.Debug|x86.Deploy.0 = Debug|Any CPU
		{EA729FE3-7050-4F2F-A9E8-A950E898AEB9}.Release|Any CPU.ActiveCfg = Release|Any CPU
		{EA729FE3-7050-4F2F-A9E8-A950E898AEB9}.Release|Any CPU.Build.0 = Release|Any CPU
		{EA729FE3-7050-4F2F-A9E8-A950E898AEB9}.Release|Any CPU.Deploy.0 = Release|Any CPU
		{EA729FE3-7050-4F2F-A9E8-A950E898AEB9}.Release|ARM.ActiveCfg = Release|Any CPU
		{EA729FE3-7050-4F2F-A9E8-A950E898AEB9}.Release|ARM.Build.0 = Release|Any CPU
		{EA729FE3-7050-4F2F-A9E8-A950E898AEB9}.Release|ARM.Deploy.0 = Release|Any CPU
		{EA729FE3-7050-4F2F-A9E8-A950E898AEB9}.Release|iPhone.ActiveCfg = Release|Any CPU
		{EA729FE3-7050-4F2F-A9E8-A950E898AEB9}.Release|iPhone.Build.0 = Release|Any CPU
		{EA729FE3-7050-4F2F-A9E8-A950E898AEB9}.Release|iPhoneSimulator.ActiveCfg = Release|Any CPU
		{EA729FE3-7050-4F2F-A9E8-A950E898AEB9}.Release|iPhoneSimulator.Build.0 = Release|Any CPU
		{EA729FE3-7050-4F2F-A9E8-A950E898AEB9}.Release|Mixed Platforms.ActiveCfg = Release|Any CPU
		{EA729FE3-7050-4F2F-A9E8-A950E898AEB9}.Release|Mixed Platforms.Build.0 = Release|Any CPU
		{EA729FE3-7050-4F2F-A9E8-A950E898AEB9}.Release|Mixed Platforms.Deploy.0 = Release|Any CPU
		{EA729FE3-7050-4F2F-A9E8-A950E898AEB9}.Release|x64.ActiveCfg = Release|Any CPU
		{EA729FE3-7050-4F2F-A9E8-A950E898AEB9}.Release|x64.Build.0 = Release|Any CPU
		{EA729FE3-7050-4F2F-A9E8-A950E898AEB9}.Release|x64.Deploy.0 = Release|Any CPU
		{EA729FE3-7050-4F2F-A9E8-A950E898AEB9}.Release|x86.ActiveCfg = Release|Any CPU
		{EA729FE3-7050-4F2F-A9E8-A950E898AEB9}.Release|x86.Build.0 = Release|Any CPU
		{EA729FE3-7050-4F2F-A9E8-A950E898AEB9}.Release|x86.Deploy.0 = Release|Any CPU
		{08FAE550-E302-4022-A871-17E0462E99F3}.Debug|Any CPU.ActiveCfg = Debug|iPhoneSimulator
		{08FAE550-E302-4022-A871-17E0462E99F3}.Debug|Any CPU.Build.0 = Debug|iPhoneSimulator
		{08FAE550-E302-4022-A871-17E0462E99F3}.Debug|ARM.ActiveCfg = Debug|iPhone
		{08FAE550-E302-4022-A871-17E0462E99F3}.Debug|iPhone.ActiveCfg = Debug|iPhone
		{08FAE550-E302-4022-A871-17E0462E99F3}.Debug|iPhone.Build.0 = Debug|iPhone
		{08FAE550-E302-4022-A871-17E0462E99F3}.Debug|iPhoneSimulator.ActiveCfg = Debug|iPhoneSimulator
		{08FAE550-E302-4022-A871-17E0462E99F3}.Debug|iPhoneSimulator.Build.0 = Debug|iPhoneSimulator
		{08FAE550-E302-4022-A871-17E0462E99F3}.Debug|Mixed Platforms.ActiveCfg = Debug|iPhoneSimulator
		{08FAE550-E302-4022-A871-17E0462E99F3}.Debug|Mixed Platforms.Build.0 = Debug|iPhoneSimulator
		{08FAE550-E302-4022-A871-17E0462E99F3}.Debug|x64.ActiveCfg = Debug|iPhone
		{08FAE550-E302-4022-A871-17E0462E99F3}.Debug|x86.ActiveCfg = Debug|iPhone
		{08FAE550-E302-4022-A871-17E0462E99F3}.Release|Any CPU.ActiveCfg = Release|iPhoneSimulator
		{08FAE550-E302-4022-A871-17E0462E99F3}.Release|Any CPU.Build.0 = Release|iPhoneSimulator
		{08FAE550-E302-4022-A871-17E0462E99F3}.Release|ARM.ActiveCfg = Release|iPhone
		{08FAE550-E302-4022-A871-17E0462E99F3}.Release|iPhone.ActiveCfg = Release|iPhone
		{08FAE550-E302-4022-A871-17E0462E99F3}.Release|iPhone.Build.0 = Release|iPhone
		{08FAE550-E302-4022-A871-17E0462E99F3}.Release|iPhoneSimulator.ActiveCfg = Release|iPhoneSimulator
		{08FAE550-E302-4022-A871-17E0462E99F3}.Release|iPhoneSimulator.Build.0 = Release|iPhoneSimulator
		{08FAE550-E302-4022-A871-17E0462E99F3}.Release|Mixed Platforms.ActiveCfg = Release|iPhoneSimulator
		{08FAE550-E302-4022-A871-17E0462E99F3}.Release|Mixed Platforms.Build.0 = Release|iPhoneSimulator
		{08FAE550-E302-4022-A871-17E0462E99F3}.Release|x64.ActiveCfg = Release|iPhone
		{08FAE550-E302-4022-A871-17E0462E99F3}.Release|x86.ActiveCfg = Release|iPhone
		{4C27518A-0D41-4103-A63B-B9B22204866A}.Debug|Any CPU.ActiveCfg = Debug|Any CPU
		{4C27518A-0D41-4103-A63B-B9B22204866A}.Debug|Any CPU.Build.0 = Debug|Any CPU
		{4C27518A-0D41-4103-A63B-B9B22204866A}.Debug|ARM.ActiveCfg = Debug|Any CPU
		{4C27518A-0D41-4103-A63B-B9B22204866A}.Debug|ARM.Build.0 = Debug|Any CPU
		{4C27518A-0D41-4103-A63B-B9B22204866A}.Debug|iPhone.ActiveCfg = Debug|Any CPU
		{4C27518A-0D41-4103-A63B-B9B22204866A}.Debug|iPhone.Build.0 = Debug|Any CPU
		{4C27518A-0D41-4103-A63B-B9B22204866A}.Debug|iPhoneSimulator.ActiveCfg = Debug|Any CPU
		{4C27518A-0D41-4103-A63B-B9B22204866A}.Debug|iPhoneSimulator.Build.0 = Debug|Any CPU
		{4C27518A-0D41-4103-A63B-B9B22204866A}.Debug|Mixed Platforms.ActiveCfg = Debug|Any CPU
		{4C27518A-0D41-4103-A63B-B9B22204866A}.Debug|Mixed Platforms.Build.0 = Debug|Any CPU
		{4C27518A-0D41-4103-A63B-B9B22204866A}.Debug|x64.ActiveCfg = Debug|Any CPU
		{4C27518A-0D41-4103-A63B-B9B22204866A}.Debug|x64.Build.0 = Debug|Any CPU
		{4C27518A-0D41-4103-A63B-B9B22204866A}.Debug|x86.ActiveCfg = Debug|Any CPU
		{4C27518A-0D41-4103-A63B-B9B22204866A}.Debug|x86.Build.0 = Debug|Any CPU
		{4C27518A-0D41-4103-A63B-B9B22204866A}.Release|Any CPU.ActiveCfg = Release|Any CPU
		{4C27518A-0D41-4103-A63B-B9B22204866A}.Release|Any CPU.Build.0 = Release|Any CPU
		{4C27518A-0D41-4103-A63B-B9B22204866A}.Release|ARM.ActiveCfg = Release|Any CPU
		{4C27518A-0D41-4103-A63B-B9B22204866A}.Release|ARM.Build.0 = Release|Any CPU
		{4C27518A-0D41-4103-A63B-B9B22204866A}.Release|iPhone.ActiveCfg = Release|Any CPU
		{4C27518A-0D41-4103-A63B-B9B22204866A}.Release|iPhone.Build.0 = Release|Any CPU
		{4C27518A-0D41-4103-A63B-B9B22204866A}.Release|iPhoneSimulator.ActiveCfg = Release|Any CPU
		{4C27518A-0D41-4103-A63B-B9B22204866A}.Release|iPhoneSimulator.Build.0 = Release|Any CPU
		{4C27518A-0D41-4103-A63B-B9B22204866A}.Release|Mixed Platforms.ActiveCfg = Release|Any CPU
		{4C27518A-0D41-4103-A63B-B9B22204866A}.Release|Mixed Platforms.Build.0 = Release|Any CPU
		{4C27518A-0D41-4103-A63B-B9B22204866A}.Release|x64.ActiveCfg = Release|Any CPU
		{4C27518A-0D41-4103-A63B-B9B22204866A}.Release|x64.Build.0 = Release|Any CPU
		{4C27518A-0D41-4103-A63B-B9B22204866A}.Release|x86.ActiveCfg = Release|Any CPU
		{4C27518A-0D41-4103-A63B-B9B22204866A}.Release|x86.Build.0 = Release|Any CPU
		{BD83C317-9BBD-4A86-BD47-2E862821154C}.Debug|Any CPU.ActiveCfg = Debug|x86
		{BD83C317-9BBD-4A86-BD47-2E862821154C}.Debug|ARM.ActiveCfg = Debug|ARM
		{BD83C317-9BBD-4A86-BD47-2E862821154C}.Debug|ARM.Build.0 = Debug|ARM
		{BD83C317-9BBD-4A86-BD47-2E862821154C}.Debug|ARM.Deploy.0 = Debug|ARM
		{BD83C317-9BBD-4A86-BD47-2E862821154C}.Debug|iPhone.ActiveCfg = Debug|x86
		{BD83C317-9BBD-4A86-BD47-2E862821154C}.Debug|iPhoneSimulator.ActiveCfg = Debug|x86
		{BD83C317-9BBD-4A86-BD47-2E862821154C}.Debug|iPhoneSimulator.Build.0 = Debug|x86
		{BD83C317-9BBD-4A86-BD47-2E862821154C}.Debug|iPhoneSimulator.Deploy.0 = Debug|x86
		{BD83C317-9BBD-4A86-BD47-2E862821154C}.Debug|Mixed Platforms.ActiveCfg = Debug|x86
		{BD83C317-9BBD-4A86-BD47-2E862821154C}.Debug|Mixed Platforms.Build.0 = Debug|x86
		{BD83C317-9BBD-4A86-BD47-2E862821154C}.Debug|Mixed Platforms.Deploy.0 = Debug|x86
		{BD83C317-9BBD-4A86-BD47-2E862821154C}.Debug|x64.ActiveCfg = Debug|x64
		{BD83C317-9BBD-4A86-BD47-2E862821154C}.Debug|x64.Build.0 = Debug|x64
		{BD83C317-9BBD-4A86-BD47-2E862821154C}.Debug|x64.Deploy.0 = Debug|x64
		{BD83C317-9BBD-4A86-BD47-2E862821154C}.Debug|x86.ActiveCfg = Debug|x86
		{BD83C317-9BBD-4A86-BD47-2E862821154C}.Debug|x86.Build.0 = Debug|x86
		{BD83C317-9BBD-4A86-BD47-2E862821154C}.Debug|x86.Deploy.0 = Debug|x86
		{BD83C317-9BBD-4A86-BD47-2E862821154C}.Release|Any CPU.ActiveCfg = Release|x86
		{BD83C317-9BBD-4A86-BD47-2E862821154C}.Release|Any CPU.Build.0 = Release|x86
		{BD83C317-9BBD-4A86-BD47-2E862821154C}.Release|Any CPU.Deploy.0 = Release|x86
		{BD83C317-9BBD-4A86-BD47-2E862821154C}.Release|ARM.ActiveCfg = Release|ARM
		{BD83C317-9BBD-4A86-BD47-2E862821154C}.Release|ARM.Build.0 = Release|ARM
		{BD83C317-9BBD-4A86-BD47-2E862821154C}.Release|ARM.Deploy.0 = Release|ARM
		{BD83C317-9BBD-4A86-BD47-2E862821154C}.Release|iPhone.ActiveCfg = Release|x86
		{BD83C317-9BBD-4A86-BD47-2E862821154C}.Release|iPhoneSimulator.ActiveCfg = Release|x86
		{BD83C317-9BBD-4A86-BD47-2E862821154C}.Release|Mixed Platforms.ActiveCfg = Release|x86
		{BD83C317-9BBD-4A86-BD47-2E862821154C}.Release|Mixed Platforms.Build.0 = Release|x86
		{BD83C317-9BBD-4A86-BD47-2E862821154C}.Release|Mixed Platforms.Deploy.0 = Release|x86
		{BD83C317-9BBD-4A86-BD47-2E862821154C}.Release|x64.ActiveCfg = Release|x64
		{BD83C317-9BBD-4A86-BD47-2E862821154C}.Release|x64.Build.0 = Release|x64
		{BD83C317-9BBD-4A86-BD47-2E862821154C}.Release|x64.Deploy.0 = Release|x64
		{BD83C317-9BBD-4A86-BD47-2E862821154C}.Release|x86.ActiveCfg = Release|x86
		{BD83C317-9BBD-4A86-BD47-2E862821154C}.Release|x86.Build.0 = Release|x86
		{BD83C317-9BBD-4A86-BD47-2E862821154C}.Release|x86.Deploy.0 = Release|x86
	EndGlobalSection
	GlobalSection(SolutionProperties) = preSolution
		HideSolutionNode = FALSE
	EndGlobalSection
	GlobalSection(TestCaseManagementSettings) = postSolution
		CategoryFile = TaskyVS.vsmdi
	EndGlobalSection
EndGlobal
