
Microsoft Visual Studio Solution File, Format Version 12.00
# Visual Studio 15
VisualStudioVersion = 15.0.26730.3
MinimumVisualStudioVersion = 10.0.40219.1
Project("{FAE04EC0-301F-11D3-BF4B-00C04F79EFBC}") = "NetStatus.Android", "NetStatus\NetStatus.Android\NetStatus.Android.csproj", "{9C332104-E886-4786-AC48-17C2E54030A1}"
EndProject
Project("{FAE04EC0-301F-11D3-BF4B-00C04F79EFBC}") = "NetStatus", "NetStatus\NetStatus\NetStatus.csproj", "{462DA0C2-E182-4EFE-BBC0-C009F12597D2}"
EndProject
Project("{FAE04EC0-301F-11D3-BF4B-00C04F79EFBC}") = "NetStatus.UWP", "NetStatus\NetStatus.UWP\NetStatus.UWP.csproj", "{39BD67F2-2184-4411-8833-D3A173476DD9}"
EndProject
Project("{FAE04EC0-301F-11D3-BF4B-00C04F79EFBC}") = "NetStatus.iOS", "NetStatus\NetStatus.iOS\NetStatus.iOS.csproj", "{73EEF862-36FE-47D2-B20F-2A452A0C1207}"
EndProject
Global
	GlobalSection(SolutionConfigurationPlatforms) = preSolution
		Ad-Hoc|Any CPU = Ad-Hoc|Any CPU
		Ad-Hoc|ARM = Ad-Hoc|ARM
		Ad-Hoc|iPhone = Ad-Hoc|iPhone
		Ad-Hoc|iPhoneSimulator = Ad-Hoc|iPhoneSimulator
		Ad-Hoc|x64 = Ad-Hoc|x64
		Ad-Hoc|x86 = Ad-Hoc|x86
		AppStore|Any CPU = AppStore|Any CPU
		AppStore|ARM = AppStore|ARM
		AppStore|iPhone = AppStore|iPhone
		AppStore|iPhoneSimulator = AppStore|iPhoneSimulator
		AppStore|x64 = AppStore|x64
		AppStore|x86 = AppStore|x86
		Debug|Any CPU = Debug|Any CPU
		Debug|ARM = Debug|ARM
		Debug|iPhone = Debug|iPhone
		Debug|iPhoneSimulator = Debug|iPhoneSimulator
		Debug|x64 = Debug|x64
		Debug|x86 = Debug|x86
		Release|Any CPU = Release|Any CPU
		Release|ARM = Release|ARM
		Release|iPhone = Release|iPhone
		Release|iPhoneSimulator = Release|iPhoneSimulator
		Release|x64 = Release|x64
		Release|x86 = Release|x86
	EndGlobalSection
	GlobalSection(ProjectConfigurationPlatforms) = postSolution
		{9C332104-E886-4786-AC48-17C2E54030A1}.Ad-Hoc|Any CPU.ActiveCfg = Release|Any CPU
		{9C332104-E886-4786-AC48-17C2E54030A1}.Ad-Hoc|Any CPU.Build.0 = Release|Any CPU
		{9C332104-E886-4786-AC48-17C2E54030A1}.Ad-Hoc|Any CPU.Deploy.0 = Release|Any CPU
		{9C332104-E886-4786-AC48-17C2E54030A1}.Ad-Hoc|ARM.ActiveCfg = Release|Any CPU
		{9C332104-E886-4786-AC48-17C2E54030A1}.Ad-Hoc|ARM.Build.0 = Release|Any CPU
		{9C332104-E886-4786-AC48-17C2E54030A1}.Ad-Hoc|ARM.Deploy.0 = Release|Any CPU
		{9C332104-E886-4786-AC48-17C2E54030A1}.Ad-Hoc|iPhone.ActiveCfg = Release|Any CPU
		{9C332104-E886-4786-AC48-17C2E54030A1}.Ad-Hoc|iPhone.Build.0 = Release|Any CPU
		{9C332104-E886-4786-AC48-17C2E54030A1}.Ad-Hoc|iPhone.Deploy.0 = Release|Any CPU
		{9C332104-E886-4786-AC48-17C2E54030A1}.Ad-Hoc|iPhoneSimulator.ActiveCfg = Release|Any CPU
		{9C332104-E886-4786-AC48-17C2E54030A1}.Ad-Hoc|iPhoneSimulator.Build.0 = Release|Any CPU
		{9C332104-E886-4786-AC48-17C2E54030A1}.Ad-Hoc|iPhoneSimulator.Deploy.0 = Release|Any CPU
		{9C332104-E886-4786-AC48-17C2E54030A1}.Ad-Hoc|x64.ActiveCfg = Release|Any CPU
		{9C332104-E886-4786-AC48-17C2E54030A1}.Ad-Hoc|x64.Build.0 = Release|Any CPU
		{9C332104-E886-4786-AC48-17C2E54030A1}.Ad-Hoc|x64.Deploy.0 = Release|Any CPU
		{9C332104-E886-4786-AC48-17C2E54030A1}.Ad-Hoc|x86.ActiveCfg = Release|Any CPU
		{9C332104-E886-4786-AC48-17C2E54030A1}.Ad-Hoc|x86.Build.0 = Release|Any CPU
		{9C332104-E886-4786-AC48-17C2E54030A1}.Ad-Hoc|x86.Deploy.0 = Release|Any CPU
		{9C332104-E886-4786-AC48-17C2E54030A1}.AppStore|Any CPU.ActiveCfg = Release|Any CPU
		{9C332104-E886-4786-AC48-17C2E54030A1}.AppStore|Any CPU.Build.0 = Release|Any CPU
		{9C332104-E886-4786-AC48-17C2E54030A1}.AppStore|Any CPU.Deploy.0 = Release|Any CPU
		{9C332104-E886-4786-AC48-17C2E54030A1}.AppStore|ARM.ActiveCfg = Release|Any CPU
		{9C332104-E886-4786-AC48-17C2E54030A1}.AppStore|ARM.Build.0 = Release|Any CPU
		{9C332104-E886-4786-AC48-17C2E54030A1}.AppStore|ARM.Deploy.0 = Release|Any CPU
		{9C332104-E886-4786-AC48-17C2E54030A1}.AppStore|iPhone.ActiveCfg = Release|Any CPU
		{9C332104-E886-4786-AC48-17C2E54030A1}.AppStore|iPhone.Build.0 = Release|Any CPU
		{9C332104-E886-4786-AC48-17C2E54030A1}.AppStore|iPhone.Deploy.0 = Release|Any CPU
		{9C332104-E886-4786-AC48-17C2E54030A1}.AppStore|iPhoneSimulator.ActiveCfg = Release|Any CPU
		{9C332104-E886-4786-AC48-17C2E54030A1}.AppStore|iPhoneSimulator.Build.0 = Release|Any CPU
		{9C332104-E886-4786-AC48-17C2E54030A1}.AppStore|iPhoneSimulator.Deploy.0 = Release|Any CPU
		{9C332104-E886-4786-AC48-17C2E54030A1}.AppStore|x64.ActiveCfg = Release|Any CPU
		{9C332104-E886-4786-AC48-17C2E54030A1}.AppStore|x64.Build.0 = Release|Any CPU
		{9C332104-E886-4786-AC48-17C2E54030A1}.AppStore|x64.Deploy.0 = Release|Any CPU
		{9C332104-E886-4786-AC48-17C2E54030A1}.AppStore|x86.ActiveCfg = Release|Any CPU
		{9C332104-E886-4786-AC48-17C2E54030A1}.AppStore|x86.Build.0 = Release|Any CPU
		{9C332104-E886-4786-AC48-17C2E54030A1}.AppStore|x86.Deploy.0 = Release|Any CPU
		{9C332104-E886-4786-AC48-17C2E54030A1}.Debug|Any CPU.ActiveCfg = Debug|Any CPU
		{9C332104-E886-4786-AC48-17C2E54030A1}.Debug|Any CPU.Build.0 = Debug|Any CPU
		{9C332104-E886-4786-AC48-17C2E54030A1}.Debug|Any CPU.Deploy.0 = Debug|Any CPU
		{9C332104-E886-4786-AC48-17C2E54030A1}.Debug|ARM.ActiveCfg = Debug|Any CPU
		{9C332104-E886-4786-AC48-17C2E54030A1}.Debug|ARM.Build.0 = Debug|Any CPU
		{9C332104-E886-4786-AC48-17C2E54030A1}.Debug|ARM.Deploy.0 = Debug|Any CPU
		{9C332104-E886-4786-AC48-17C2E54030A1}.Debug|iPhone.ActiveCfg = Debug|Any CPU
		{9C332104-E886-4786-AC48-17C2E54030A1}.Debug|iPhone.Build.0 = Debug|Any CPU
		{9C332104-E886-4786-AC48-17C2E54030A1}.Debug|iPhone.Deploy.0 = Debug|Any CPU
		{9C332104-E886-4786-AC48-17C2E54030A1}.Debug|iPhoneSimulator.ActiveCfg = Debug|Any CPU
		{9C332104-E886-4786-AC48-17C2E54030A1}.Debug|iPhoneSimulator.Build.0 = Debug|Any CPU
		{9C332104-E886-4786-AC48-17C2E54030A1}.Debug|iPhoneSimulator.Deploy.0 = Debug|Any CPU
		{9C332104-E886-4786-AC48-17C2E54030A1}.Debug|x64.ActiveCfg = Debug|Any CPU
		{9C332104-E886-4786-AC48-17C2E54030A1}.Debug|x64.Build.0 = Debug|Any CPU
		{9C332104-E886-4786-AC48-17C2E54030A1}.Debug|x64.Deploy.0 = Debug|Any CPU
		{9C332104-E886-4786-AC48-17C2E54030A1}.Debug|x86.ActiveCfg = Debug|Any CPU
		{9C332104-E886-4786-AC48-17C2E54030A1}.Debug|x86.Build.0 = Debug|Any CPU
		{9C332104-E886-4786-AC48-17C2E54030A1}.Debug|x86.Deploy.0 = Debug|Any CPU
		{9C332104-E886-4786-AC48-17C2E54030A1}.Release|Any CPU.ActiveCfg = Release|Any CPU
		{9C332104-E886-4786-AC48-17C2E54030A1}.Release|Any CPU.Build.0 = Release|Any CPU
		{9C332104-E886-4786-AC48-17C2E54030A1}.Release|Any CPU.Deploy.0 = Release|Any CPU
		{9C332104-E886-4786-AC48-17C2E54030A1}.Release|ARM.ActiveCfg = Release|Any CPU
		{9C332104-E886-4786-AC48-17C2E54030A1}.Release|ARM.Build.0 = Release|Any CPU
		{9C332104-E886-4786-AC48-17C2E54030A1}.Release|ARM.Deploy.0 = Release|Any CPU
		{9C332104-E886-4786-AC48-17C2E54030A1}.Release|iPhone.ActiveCfg = Release|Any CPU
		{9C332104-E886-4786-AC48-17C2E54030A1}.Release|iPhone.Build.0 = Release|Any CPU
		{9C332104-E886-4786-AC48-17C2E54030A1}.Release|iPhone.Deploy.0 = Release|Any CPU
		{9C332104-E886-4786-AC48-17C2E54030A1}.Release|iPhoneSimulator.ActiveCfg = Release|Any CPU
		{9C332104-E886-4786-AC48-17C2E54030A1}.Release|iPhoneSimulator.Build.0 = Release|Any CPU
		{9C332104-E886-4786-AC48-17C2E54030A1}.Release|iPhoneSimulator.Deploy.0 = Release|Any CPU
		{9C332104-E886-4786-AC48-17C2E54030A1}.Release|x64.ActiveCfg = Release|Any CPU
		{9C332104-E886-4786-AC48-17C2E54030A1}.Release|x64.Build.0 = Release|Any CPU
		{9C332104-E886-4786-AC48-17C2E54030A1}.Release|x64.Deploy.0 = Release|Any CPU
		{9C332104-E886-4786-AC48-17C2E54030A1}.Release|x86.ActiveCfg = Release|Any CPU
		{9C332104-E886-4786-AC48-17C2E54030A1}.Release|x86.Build.0 = Release|Any CPU
		{9C332104-E886-4786-AC48-17C2E54030A1}.Release|x86.Deploy.0 = Release|Any CPU
		{462DA0C2-E182-4EFE-BBC0-C009F12597D2}.Ad-Hoc|Any CPU.ActiveCfg = Release|Any CPU
		{462DA0C2-E182-4EFE-BBC0-C009F12597D2}.Ad-Hoc|Any CPU.Build.0 = Release|Any CPU
		{462DA0C2-E182-4EFE-BBC0-C009F12597D2}.Ad-Hoc|ARM.ActiveCfg = Release|Any CPU
		{462DA0C2-E182-4EFE-BBC0-C009F12597D2}.Ad-Hoc|ARM.Build.0 = Release|Any CPU
		{462DA0C2-E182-4EFE-BBC0-C009F12597D2}.Ad-Hoc|iPhone.ActiveCfg = Release|Any CPU
		{462DA0C2-E182-4EFE-BBC0-C009F12597D2}.Ad-Hoc|iPhone.Build.0 = Release|Any CPU
		{462DA0C2-E182-4EFE-BBC0-C009F12597D2}.Ad-Hoc|iPhoneSimulator.ActiveCfg = Release|Any CPU
		{462DA0C2-E182-4EFE-BBC0-C009F12597D2}.Ad-Hoc|iPhoneSimulator.Build.0 = Release|Any CPU
		{462DA0C2-E182-4EFE-BBC0-C009F12597D2}.Ad-Hoc|x64.ActiveCfg = Release|Any CPU
		{462DA0C2-E182-4EFE-BBC0-C009F12597D2}.Ad-Hoc|x64.Build.0 = Release|Any CPU
		{462DA0C2-E182-4EFE-BBC0-C009F12597D2}.Ad-Hoc|x86.ActiveCfg = Release|Any CPU
		{462DA0C2-E182-4EFE-BBC0-C009F12597D2}.Ad-Hoc|x86.Build.0 = Release|Any CPU
		{462DA0C2-E182-4EFE-BBC0-C009F12597D2}.AppStore|Any CPU.ActiveCfg = Release|Any CPU
		{462DA0C2-E182-4EFE-BBC0-C009F12597D2}.AppStore|Any CPU.Build.0 = Release|Any CPU
		{462DA0C2-E182-4EFE-BBC0-C009F12597D2}.AppStore|ARM.ActiveCfg = Release|Any CPU
		{462DA0C2-E182-4EFE-BBC0-C009F12597D2}.AppStore|ARM.Build.0 = Release|Any CPU
		{462DA0C2-E182-4EFE-BBC0-C009F12597D2}.AppStore|iPhone.ActiveCfg = Release|Any CPU
		{462DA0C2-E182-4EFE-BBC0-C009F12597D2}.AppStore|iPhone.Build.0 = Release|Any CPU
		{462DA0C2-E182-4EFE-BBC0-C009F12597D2}.AppStore|iPhoneSimulator.ActiveCfg = Release|Any CPU
		{462DA0C2-E182-4EFE-BBC0-C009F12597D2}.AppStore|iPhoneSimulator.Build.0 = Release|Any CPU
		{462DA0C2-E182-4EFE-BBC0-C009F12597D2}.AppStore|x64.ActiveCfg = Release|Any CPU
		{462DA0C2-E182-4EFE-BBC0-C009F12597D2}.AppStore|x64.Build.0 = Release|Any CPU
		{462DA0C2-E182-4EFE-BBC0-C009F12597D2}.AppStore|x86.ActiveCfg = Release|Any CPU
		{462DA0C2-E182-4EFE-BBC0-C009F12597D2}.AppStore|x86.Build.0 = Release|Any CPU
		{462DA0C2-E182-4EFE-BBC0-C009F12597D2}.Debug|Any CPU.ActiveCfg = Debug|Any CPU
		{462DA0C2-E182-4EFE-BBC0-C009F12597D2}.Debug|Any CPU.Build.0 = Debug|Any CPU
		{462DA0C2-E182-4EFE-BBC0-C009F12597D2}.Debug|ARM.ActiveCfg = Debug|Any CPU
		{462DA0C2-E182-4EFE-BBC0-C009F12597D2}.Debug|ARM.Build.0 = Debug|Any CPU
		{462DA0C2-E182-4EFE-BBC0-C009F12597D2}.Debug|iPhone.ActiveCfg = Debug|Any CPU
		{462DA0C2-E182-4EFE-BBC0-C009F12597D2}.Debug|iPhone.Build.0 = Debug|Any CPU
		{462DA0C2-E182-4EFE-BBC0-C009F12597D2}.Debug|iPhoneSimulator.ActiveCfg = Debug|Any CPU
		{462DA0C2-E182-4EFE-BBC0-C009F12597D2}.Debug|iPhoneSimulator.Build.0 = Debug|Any CPU
		{462DA0C2-E182-4EFE-BBC0-C009F12597D2}.Debug|x64.ActiveCfg = Debug|Any CPU
		{462DA0C2-E182-4EFE-BBC0-C009F12597D2}.Debug|x64.Build.0 = Debug|Any CPU
		{462DA0C2-E182-4EFE-BBC0-C009F12597D2}.Debug|x86.ActiveCfg = Debug|Any CPU
		{462DA0C2-E182-4EFE-BBC0-C009F12597D2}.Debug|x86.Build.0 = Debug|Any CPU
		{462DA0C2-E182-4EFE-BBC0-C009F12597D2}.Release|Any CPU.ActiveCfg = Release|Any CPU
		{462DA0C2-E182-4EFE-BBC0-C009F12597D2}.Release|Any CPU.Build.0 = Release|Any CPU
		{462DA0C2-E182-4EFE-BBC0-C009F12597D2}.Release|ARM.ActiveCfg = Release|Any CPU
		{462DA0C2-E182-4EFE-BBC0-C009F12597D2}.Release|ARM.Build.0 = Release|Any CPU
		{462DA0C2-E182-4EFE-BBC0-C009F12597D2}.Release|iPhone.ActiveCfg = Release|Any CPU
		{462DA0C2-E182-4EFE-BBC0-C009F12597D2}.Release|iPhone.Build.0 = Release|Any CPU
		{462DA0C2-E182-4EFE-BBC0-C009F12597D2}.Release|iPhoneSimulator.ActiveCfg = Release|Any CPU
		{462DA0C2-E182-4EFE-BBC0-C009F12597D2}.Release|iPhoneSimulator.Build.0 = Release|Any CPU
		{462DA0C2-E182-4EFE-BBC0-C009F12597D2}.Release|x64.ActiveCfg = Release|Any CPU
		{462DA0C2-E182-4EFE-BBC0-C009F12597D2}.Release|x64.Build.0 = Release|Any CPU
		{462DA0C2-E182-4EFE-BBC0-C009F12597D2}.Release|x86.ActiveCfg = Release|Any CPU
		{462DA0C2-E182-4EFE-BBC0-C009F12597D2}.Release|x86.Build.0 = Release|Any CPU
		{39BD67F2-2184-4411-8833-D3A173476DD9}.Ad-Hoc|Any CPU.ActiveCfg = Release|x86
		{39BD67F2-2184-4411-8833-D3A173476DD9}.Ad-Hoc|Any CPU.Build.0 = Release|x86
		{39BD67F2-2184-4411-8833-D3A173476DD9}.Ad-Hoc|Any CPU.Deploy.0 = Release|x86
		{39BD67F2-2184-4411-8833-D3A173476DD9}.Ad-Hoc|ARM.ActiveCfg = Release|ARM
		{39BD67F2-2184-4411-8833-D3A173476DD9}.Ad-Hoc|ARM.Build.0 = Release|ARM
		{39BD67F2-2184-4411-8833-D3A173476DD9}.Ad-Hoc|ARM.Deploy.0 = Release|ARM
		{39BD67F2-2184-4411-8833-D3A173476DD9}.Ad-Hoc|iPhone.ActiveCfg = Release|x86
		{39BD67F2-2184-4411-8833-D3A173476DD9}.Ad-Hoc|iPhone.Build.0 = Release|x86
		{39BD67F2-2184-4411-8833-D3A173476DD9}.Ad-Hoc|iPhone.Deploy.0 = Release|x86
		{39BD67F2-2184-4411-8833-D3A173476DD9}.Ad-Hoc|iPhoneSimulator.ActiveCfg = Release|x86
		{39BD67F2-2184-4411-8833-D3A173476DD9}.Ad-Hoc|iPhoneSimulator.Build.0 = Release|x86
		{39BD67F2-2184-4411-8833-D3A173476DD9}.Ad-Hoc|iPhoneSimulator.Deploy.0 = Release|x86
		{39BD67F2-2184-4411-8833-D3A173476DD9}.Ad-Hoc|x64.ActiveCfg = Release|x64
		{39BD67F2-2184-4411-8833-D3A173476DD9}.Ad-Hoc|x64.Build.0 = Release|x64
		{39BD67F2-2184-4411-8833-D3A173476DD9}.Ad-Hoc|x64.Deploy.0 = Release|x64
		{39BD67F2-2184-4411-8833-D3A173476DD9}.Ad-Hoc|x86.ActiveCfg = Release|x86
		{39BD67F2-2184-4411-8833-D3A173476DD9}.Ad-Hoc|x86.Build.0 = Release|x86
		{39BD67F2-2184-4411-8833-D3A173476DD9}.Ad-Hoc|x86.Deploy.0 = Release|x86
		{39BD67F2-2184-4411-8833-D3A173476DD9}.AppStore|Any CPU.ActiveCfg = Release|x86
		{39BD67F2-2184-4411-8833-D3A173476DD9}.AppStore|Any CPU.Build.0 = Release|x86
		{39BD67F2-2184-4411-8833-D3A173476DD9}.AppStore|Any CPU.Deploy.0 = Release|x86
		{39BD67F2-2184-4411-8833-D3A173476DD9}.AppStore|ARM.ActiveCfg = Release|ARM
		{39BD67F2-2184-4411-8833-D3A173476DD9}.AppStore|ARM.Build.0 = Release|ARM
		{39BD67F2-2184-4411-8833-D3A173476DD9}.AppStore|ARM.Deploy.0 = Release|ARM
		{39BD67F2-2184-4411-8833-D3A173476DD9}.AppStore|iPhone.ActiveCfg = Release|x86
		{39BD67F2-2184-4411-8833-D3A173476DD9}.AppStore|iPhone.Build.0 = Release|x86
		{39BD67F2-2184-4411-8833-D3A173476DD9}.AppStore|iPhone.Deploy.0 = Release|x86
		{39BD67F2-2184-4411-8833-D3A173476DD9}.AppStore|iPhoneSimulator.ActiveCfg = Release|x86
		{39BD67F2-2184-4411-8833-D3A173476DD9}.AppStore|iPhoneSimulator.Build.0 = Release|x86
		{39BD67F2-2184-4411-8833-D3A173476DD9}.AppStore|iPhoneSimulator.Deploy.0 = Release|x86
		{39BD67F2-2184-4411-8833-D3A173476DD9}.AppStore|x64.ActiveCfg = Release|x64
		{39BD67F2-2184-4411-8833-D3A173476DD9}.AppStore|x64.Build.0 = Release|x64
		{39BD67F2-2184-4411-8833-D3A173476DD9}.AppStore|x64.Deploy.0 = Release|x64
		{39BD67F2-2184-4411-8833-D3A173476DD9}.AppStore|x86.ActiveCfg = Release|x86
		{39BD67F2-2184-4411-8833-D3A173476DD9}.AppStore|x86.Build.0 = Release|x86
		{39BD67F2-2184-4411-8833-D3A173476DD9}.AppStore|x86.Deploy.0 = Release|x86
		{39BD67F2-2184-4411-8833-D3A173476DD9}.Debug|Any CPU.ActiveCfg = Debug|x86
		{39BD67F2-2184-4411-8833-D3A173476DD9}.Debug|Any CPU.Build.0 = Debug|x86
		{39BD67F2-2184-4411-8833-D3A173476DD9}.Debug|ARM.ActiveCfg = Debug|ARM
		{39BD67F2-2184-4411-8833-D3A173476DD9}.Debug|ARM.Build.0 = Debug|ARM
		{39BD67F2-2184-4411-8833-D3A173476DD9}.Debug|ARM.Deploy.0 = Debug|ARM
		{39BD67F2-2184-4411-8833-D3A173476DD9}.Debug|iPhone.ActiveCfg = Debug|x86
		{39BD67F2-2184-4411-8833-D3A173476DD9}.Debug|iPhoneSimulator.ActiveCfg = Debug|x86
		{39BD67F2-2184-4411-8833-D3A173476DD9}.Debug|x64.ActiveCfg = Debug|x64
		{39BD67F2-2184-4411-8833-D3A173476DD9}.Debug|x64.Build.0 = Debug|x64
		{39BD67F2-2184-4411-8833-D3A173476DD9}.Debug|x64.Deploy.0 = Debug|x64
		{39BD67F2-2184-4411-8833-D3A173476DD9}.Debug|x86.ActiveCfg = Debug|x86
		{39BD67F2-2184-4411-8833-D3A173476DD9}.Debug|x86.Build.0 = Debug|x86
		{39BD67F2-2184-4411-8833-D3A173476DD9}.Debug|x86.Deploy.0 = Debug|x86
		{39BD67F2-2184-4411-8833-D3A173476DD9}.Release|Any CPU.ActiveCfg = Release|x86
		{39BD67F2-2184-4411-8833-D3A173476DD9}.Release|ARM.ActiveCfg = Release|ARM
		{39BD67F2-2184-4411-8833-D3A173476DD9}.Release|ARM.Build.0 = Release|ARM
		{39BD67F2-2184-4411-8833-D3A173476DD9}.Release|ARM.Deploy.0 = Release|ARM
		{39BD67F2-2184-4411-8833-D3A173476DD9}.Release|iPhone.ActiveCfg = Release|x86
		{39BD67F2-2184-4411-8833-D3A173476DD9}.Release|iPhoneSimulator.ActiveCfg = Release|x86
		{39BD67F2-2184-4411-8833-D3A173476DD9}.Release|x64.ActiveCfg = Release|x64
		{39BD67F2-2184-4411-8833-D3A173476DD9}.Release|x64.Build.0 = Release|x64
		{39BD67F2-2184-4411-8833-D3A173476DD9}.Release|x64.Deploy.0 = Release|x64
		{39BD67F2-2184-4411-8833-D3A173476DD9}.Release|x86.ActiveCfg = Release|x86
		{39BD67F2-2184-4411-8833-D3A173476DD9}.Release|x86.Build.0 = Release|x86
		{39BD67F2-2184-4411-8833-D3A173476DD9}.Release|x86.Deploy.0 = Release|x86
		{73EEF862-36FE-47D2-B20F-2A452A0C1207}.Ad-Hoc|Any CPU.ActiveCfg = Ad-Hoc|iPhone
		{73EEF862-36FE-47D2-B20F-2A452A0C1207}.Ad-Hoc|ARM.ActiveCfg = Ad-Hoc|iPhone
		{73EEF862-36FE-47D2-B20F-2A452A0C1207}.Ad-Hoc|iPhone.ActiveCfg = Ad-Hoc|iPhone
		{73EEF862-36FE-47D2-B20F-2A452A0C1207}.Ad-Hoc|iPhone.Build.0 = Ad-Hoc|iPhone
		{73EEF862-36FE-47D2-B20F-2A452A0C1207}.Ad-Hoc|iPhoneSimulator.ActiveCfg = Ad-Hoc|iPhoneSimulator
		{73EEF862-36FE-47D2-B20F-2A452A0C1207}.Ad-Hoc|iPhoneSimulator.Build.0 = Ad-Hoc|iPhoneSimulator
		{73EEF862-36FE-47D2-B20F-2A452A0C1207}.Ad-Hoc|x64.ActiveCfg = Ad-Hoc|iPhone
		{73EEF862-36FE-47D2-B20F-2A452A0C1207}.Ad-Hoc|x86.ActiveCfg = Ad-Hoc|iPhone
		{73EEF862-36FE-47D2-B20F-2A452A0C1207}.AppStore|Any CPU.ActiveCfg = AppStore|iPhone
		{73EEF862-36FE-47D2-B20F-2A452A0C1207}.AppStore|ARM.ActiveCfg = AppStore|iPhone
		{73EEF862-36FE-47D2-B20F-2A452A0C1207}.AppStore|iPhone.ActiveCfg = AppStore|iPhone
		{73EEF862-36FE-47D2-B20F-2A452A0C1207}.AppStore|iPhone.Build.0 = AppStore|iPhone
		{73EEF862-36FE-47D2-B20F-2A452A0C1207}.AppStore|iPhoneSimulator.ActiveCfg = AppStore|iPhoneSimulator
		{73EEF862-36FE-47D2-B20F-2A452A0C1207}.AppStore|iPhoneSimulator.Build.0 = AppStore|iPhoneSimulator
		{73EEF862-36FE-47D2-B20F-2A452A0C1207}.AppStore|x64.ActiveCfg = AppStore|iPhone
		{73EEF862-36FE-47D2-B20F-2A452A0C1207}.AppStore|x86.ActiveCfg = AppStore|iPhone
		{73EEF862-36FE-47D2-B20F-2A452A0C1207}.Debug|Any CPU.ActiveCfg = Debug|iPhone
		{73EEF862-36FE-47D2-B20F-2A452A0C1207}.Debug|ARM.ActiveCfg = Debug|iPhone
		{73EEF862-36FE-47D2-B20F-2A452A0C1207}.Debug|iPhone.ActiveCfg = Debug|iPhone
		{73EEF862-36FE-47D2-B20F-2A452A0C1207}.Debug|iPhone.Build.0 = Debug|iPhone
		{73EEF862-36FE-47D2-B20F-2A452A0C1207}.Debug|iPhoneSimulator.ActiveCfg = Debug|iPhoneSimulator
		{73EEF862-36FE-47D2-B20F-2A452A0C1207}.Debug|iPhoneSimulator.Build.0 = Debug|iPhoneSimulator
		{73EEF862-36FE-47D2-B20F-2A452A0C1207}.Debug|x64.ActiveCfg = Debug|iPhone
		{73EEF862-36FE-47D2-B20F-2A452A0C1207}.Debug|x86.ActiveCfg = Debug|iPhone
		{73EEF862-36FE-47D2-B20F-2A452A0C1207}.Debug|x86.Build.0 = Debug|iPhone
		{73EEF862-36FE-47D2-B20F-2A452A0C1207}.Release|Any CPU.ActiveCfg = Release|iPhone
		{73EEF862-36FE-47D2-B20F-2A452A0C1207}.Release|ARM.ActiveCfg = Release|iPhone
		{73EEF862-36FE-47D2-B20F-2A452A0C1207}.Release|iPhone.ActiveCfg = Release|iPhone
		{73EEF862-36FE-47D2-B20F-2A452A0C1207}.Release|iPhone.Build.0 = Release|iPhone
		{73EEF862-36FE-47D2-B20F-2A452A0C1207}.Release|iPhoneSimulator.ActiveCfg = Release|iPhoneSimulator
		{73EEF862-36FE-47D2-B20F-2A452A0C1207}.Release|iPhoneSimulator.Build.0 = Release|iPhoneSimulator
		{73EEF862-36FE-47D2-B20F-2A452A0C1207}.Release|x64.ActiveCfg = Release|iPhone
		{73EEF862-36FE-47D2-B20F-2A452A0C1207}.Release|x86.ActiveCfg = Release|iPhone
	EndGlobalSection
	GlobalSection(SolutionProperties) = preSolution
		HideSolutionNode = FALSE
	EndGlobalSection
	GlobalSection(ExtensibilityGlobals) = postSolution
		SolutionGuid = {C441AC29-2918-47A8-BA47-99392DAB0AFC}
	EndGlobalSection
EndGlobal
