
Microsoft Visual Studio Solution File, Format Version 12.00
# Visual Studio 15
VisualStudioVersion = 15.0.26730.3
MinimumVisualStudioVersion = 10.0.40219.1
Project("{FAE04EC0-301F-11D3-BF4B-00C04F79EFBC}") = "People.Android", "People\People.Android\People.Android.csproj", "{E7C7FF78-C93D-4E31-8C36-A3E670965E2E}"
EndProject
Project("{FAE04EC0-301F-11D3-BF4B-00C04F79EFBC}") = "People", "People\People\People.csproj", "{94530C33-D119-42FB-8222-304AA1E484EE}"
EndProject
Project("{FAE04EC0-301F-11D3-BF4B-00C04F79EFBC}") = "People.UWP", "People\People.UWP\People.UWP.csproj", "{EA28E3BA-6D60-470E-902D-162194EBCEC7}"
EndProject
Project("{FAE04EC0-301F-11D3-BF4B-00C04F79EFBC}") = "People.iOS", "People\People.iOS\People.iOS.csproj", "{94F9B155-9A81-4C8B-B262-ACDF4E2570D8}"
EndProject
Global
	GlobalSection(SolutionConfigurationPlatforms) = preSolution
		Ad-Hoc|Any CPU = Ad-Hoc|Any CPU
		Ad-Hoc|ARM = Ad-Hoc|ARM
		Ad-Hoc|iPhone = Ad-Hoc|iPhone
		Ad-Hoc|iPhoneSimulator = Ad-Hoc|iPhoneSimulator
		Ad-Hoc|x64 = Ad-Hoc|x64
		Ad-Hoc|x86 = Ad-Hoc|x86
		AppStore|Any CPU = AppStore|Any CPU
		AppStore|ARM = AppStore|ARM
		AppStore|iPhone = AppStore|iPhone
		AppStore|iPhoneSimulator = AppStore|iPhoneSimulator
		AppStore|x64 = AppStore|x64
		AppStore|x86 = AppStore|x86
		Debug|Any CPU = Debug|Any CPU
		Debug|ARM = Debug|ARM
		Debug|iPhone = Debug|iPhone
		Debug|iPhoneSimulator = Debug|iPhoneSimulator
		Debug|x64 = Debug|x64
		Debug|x86 = Debug|x86
		Release|Any CPU = Release|Any CPU
		Release|ARM = Release|ARM
		Release|iPhone = Release|iPhone
		Release|iPhoneSimulator = Release|iPhoneSimulator
		Release|x64 = Release|x64
		Release|x86 = Release|x86
	EndGlobalSection
	GlobalSection(ProjectConfigurationPlatforms) = postSolution
		{E7C7FF78-C93D-4E31-8C36-A3E670965E2E}.Ad-Hoc|Any CPU.ActiveCfg = Release|Any CPU
		{E7C7FF78-C93D-4E31-8C36-A3E670965E2E}.Ad-Hoc|Any CPU.Build.0 = Release|Any CPU
		{E7C7FF78-C93D-4E31-8C36-A3E670965E2E}.Ad-Hoc|Any CPU.Deploy.0 = Release|Any CPU
		{E7C7FF78-C93D-4E31-8C36-A3E670965E2E}.Ad-Hoc|ARM.ActiveCfg = Release|Any CPU
		{E7C7FF78-C93D-4E31-8C36-A3E670965E2E}.Ad-Hoc|ARM.Build.0 = Release|Any CPU
		{E7C7FF78-C93D-4E31-8C36-A3E670965E2E}.Ad-Hoc|ARM.Deploy.0 = Release|Any CPU
		{E7C7FF78-C93D-4E31-8C36-A3E670965E2E}.Ad-Hoc|iPhone.ActiveCfg = Release|Any CPU
		{E7C7FF78-C93D-4E31-8C36-A3E670965E2E}.Ad-Hoc|iPhone.Build.0 = Release|Any CPU
		{E7C7FF78-C93D-4E31-8C36-A3E670965E2E}.Ad-Hoc|iPhone.Deploy.0 = Release|Any CPU
		{E7C7FF78-C93D-4E31-8C36-A3E670965E2E}.Ad-Hoc|iPhoneSimulator.ActiveCfg = Release|Any CPU
		{E7C7FF78-C93D-4E31-8C36-A3E670965E2E}.Ad-Hoc|iPhoneSimulator.Build.0 = Release|Any CPU
		{E7C7FF78-C93D-4E31-8C36-A3E670965E2E}.Ad-Hoc|iPhoneSimulator.Deploy.0 = Release|Any CPU
		{E7C7FF78-C93D-4E31-8C36-A3E670965E2E}.Ad-Hoc|x64.ActiveCfg = Release|Any CPU
		{E7C7FF78-C93D-4E31-8C36-A3E670965E2E}.Ad-Hoc|x64.Build.0 = Release|Any CPU
		{E7C7FF78-C93D-4E31-8C36-A3E670965E2E}.Ad-Hoc|x64.Deploy.0 = Release|Any CPU
		{E7C7FF78-C93D-4E31-8C36-A3E670965E2E}.Ad-Hoc|x86.ActiveCfg = Release|Any CPU
		{E7C7FF78-C93D-4E31-8C36-A3E670965E2E}.Ad-Hoc|x86.Build.0 = Release|Any CPU
		{E7C7FF78-C93D-4E31-8C36-A3E670965E2E}.Ad-Hoc|x86.Deploy.0 = Release|Any CPU
		{E7C7FF78-C93D-4E31-8C36-A3E670965E2E}.AppStore|Any CPU.ActiveCfg = Release|Any CPU
		{E7C7FF78-C93D-4E31-8C36-A3E670965E2E}.AppStore|Any CPU.Build.0 = Release|Any CPU
		{E7C7FF78-C93D-4E31-8C36-A3E670965E2E}.AppStore|Any CPU.Deploy.0 = Release|Any CPU
		{E7C7FF78-C93D-4E31-8C36-A3E670965E2E}.AppStore|ARM.ActiveCfg = Release|Any CPU
		{E7C7FF78-C93D-4E31-8C36-A3E670965E2E}.AppStore|ARM.Build.0 = Release|Any CPU
		{E7C7FF78-C93D-4E31-8C36-A3E670965E2E}.AppStore|ARM.Deploy.0 = Release|Any CPU
		{E7C7FF78-C93D-4E31-8C36-A3E670965E2E}.AppStore|iPhone.ActiveCfg = Release|Any CPU
		{E7C7FF78-C93D-4E31-8C36-A3E670965E2E}.AppStore|iPhone.Build.0 = Release|Any CPU
		{E7C7FF78-C93D-4E31-8C36-A3E670965E2E}.AppStore|iPhone.Deploy.0 = Release|Any CPU
		{E7C7FF78-C93D-4E31-8C36-A3E670965E2E}.AppStore|iPhoneSimulator.ActiveCfg = Release|Any CPU
		{E7C7FF78-C93D-4E31-8C36-A3E670965E2E}.AppStore|iPhoneSimulator.Build.0 = Release|Any CPU
		{E7C7FF78-C93D-4E31-8C36-A3E670965E2E}.AppStore|iPhoneSimulator.Deploy.0 = Release|Any CPU
		{E7C7FF78-C93D-4E31-8C36-A3E670965E2E}.AppStore|x64.ActiveCfg = Release|Any CPU
		{E7C7FF78-C93D-4E31-8C36-A3E670965E2E}.AppStore|x64.Build.0 = Release|Any CPU
		{E7C7FF78-C93D-4E31-8C36-A3E670965E2E}.AppStore|x64.Deploy.0 = Release|Any CPU
		{E7C7FF78-C93D-4E31-8C36-A3E670965E2E}.AppStore|x86.ActiveCfg = Release|Any CPU
		{E7C7FF78-C93D-4E31-8C36-A3E670965E2E}.AppStore|x86.Build.0 = Release|Any CPU
		{E7C7FF78-C93D-4E31-8C36-A3E670965E2E}.AppStore|x86.Deploy.0 = Release|Any CPU
		{E7C7FF78-C93D-4E31-8C36-A3E670965E2E}.Debug|Any CPU.ActiveCfg = Debug|Any CPU
		{E7C7FF78-C93D-4E31-8C36-A3E670965E2E}.Debug|Any CPU.Build.0 = Debug|Any CPU
		{E7C7FF78-C93D-4E31-8C36-A3E670965E2E}.Debug|Any CPU.Deploy.0 = Debug|Any CPU
		{E7C7FF78-C93D-4E31-8C36-A3E670965E2E}.Debug|ARM.ActiveCfg = Debug|Any CPU
		{E7C7FF78-C93D-4E31-8C36-A3E670965E2E}.Debug|ARM.Build.0 = Debug|Any CPU
		{E7C7FF78-C93D-4E31-8C36-A3E670965E2E}.Debug|ARM.Deploy.0 = Debug|Any CPU
		{E7C7FF78-C93D-4E31-8C36-A3E670965E2E}.Debug|iPhone.ActiveCfg = Debug|Any CPU
		{E7C7FF78-C93D-4E31-8C36-A3E670965E2E}.Debug|iPhone.Build.0 = Debug|Any CPU
		{E7C7FF78-C93D-4E31-8C36-A3E670965E2E}.Debug|iPhone.Deploy.0 = Debug|Any CPU
		{E7C7FF78-C93D-4E31-8C36-A3E670965E2E}.Debug|iPhoneSimulator.ActiveCfg = Debug|Any CPU
		{E7C7FF78-C93D-4E31-8C36-A3E670965E2E}.Debug|iPhoneSimulator.Build.0 = Debug|Any CPU
		{E7C7FF78-C93D-4E31-8C36-A3E670965E2E}.Debug|iPhoneSimulator.Deploy.0 = Debug|Any CPU
		{E7C7FF78-C93D-4E31-8C36-A3E670965E2E}.Debug|x64.ActiveCfg = Debug|Any CPU
		{E7C7FF78-C93D-4E31-8C36-A3E670965E2E}.Debug|x64.Build.0 = Debug|Any CPU
		{E7C7FF78-C93D-4E31-8C36-A3E670965E2E}.Debug|x64.Deploy.0 = Debug|Any CPU
		{E7C7FF78-C93D-4E31-8C36-A3E670965E2E}.Debug|x86.ActiveCfg = Debug|Any CPU
		{E7C7FF78-C93D-4E31-8C36-A3E670965E2E}.Debug|x86.Build.0 = Debug|Any CPU
		{E7C7FF78-C93D-4E31-8C36-A3E670965E2E}.Debug|x86.Deploy.0 = Debug|Any CPU
		{E7C7FF78-C93D-4E31-8C36-A3E670965E2E}.Release|Any CPU.ActiveCfg = Release|Any CPU
		{E7C7FF78-C93D-4E31-8C36-A3E670965E2E}.Release|Any CPU.Build.0 = Release|Any CPU
		{E7C7FF78-C93D-4E31-8C36-A3E670965E2E}.Release|Any CPU.Deploy.0 = Release|Any CPU
		{E7C7FF78-C93D-4E31-8C36-A3E670965E2E}.Release|ARM.ActiveCfg = Release|Any CPU
		{E7C7FF78-C93D-4E31-8C36-A3E670965E2E}.Release|ARM.Build.0 = Release|Any CPU
		{E7C7FF78-C93D-4E31-8C36-A3E670965E2E}.Release|ARM.Deploy.0 = Release|Any CPU
		{E7C7FF78-C93D-4E31-8C36-A3E670965E2E}.Release|iPhone.ActiveCfg = Release|Any CPU
		{E7C7FF78-C93D-4E31-8C36-A3E670965E2E}.Release|iPhone.Build.0 = Release|Any CPU
		{E7C7FF78-C93D-4E31-8C36-A3E670965E2E}.Release|iPhone.Deploy.0 = Release|Any CPU
		{E7C7FF78-C93D-4E31-8C36-A3E670965E2E}.Release|iPhoneSimulator.ActiveCfg = Release|Any CPU
		{E7C7FF78-C93D-4E31-8C36-A3E670965E2E}.Release|iPhoneSimulator.Build.0 = Release|Any CPU
		{E7C7FF78-C93D-4E31-8C36-A3E670965E2E}.Release|iPhoneSimulator.Deploy.0 = Release|Any CPU
		{E7C7FF78-C93D-4E31-8C36-A3E670965E2E}.Release|x64.ActiveCfg = Release|Any CPU
		{E7C7FF78-C93D-4E31-8C36-A3E670965E2E}.Release|x64.Build.0 = Release|Any CPU
		{E7C7FF78-C93D-4E31-8C36-A3E670965E2E}.Release|x64.Deploy.0 = Release|Any CPU
		{E7C7FF78-C93D-4E31-8C36-A3E670965E2E}.Release|x86.ActiveCfg = Release|Any CPU
		{E7C7FF78-C93D-4E31-8C36-A3E670965E2E}.Release|x86.Build.0 = Release|Any CPU
		{E7C7FF78-C93D-4E31-8C36-A3E670965E2E}.Release|x86.Deploy.0 = Release|Any CPU
		{94530C33-D119-42FB-8222-304AA1E484EE}.Ad-Hoc|Any CPU.ActiveCfg = Release|Any CPU
		{94530C33-D119-42FB-8222-304AA1E484EE}.Ad-Hoc|Any CPU.Build.0 = Release|Any CPU
		{94530C33-D119-42FB-8222-304AA1E484EE}.Ad-Hoc|ARM.ActiveCfg = Release|Any CPU
		{94530C33-D119-42FB-8222-304AA1E484EE}.Ad-Hoc|ARM.Build.0 = Release|Any CPU
		{94530C33-D119-42FB-8222-304AA1E484EE}.Ad-Hoc|iPhone.ActiveCfg = Release|Any CPU
		{94530C33-D119-42FB-8222-304AA1E484EE}.Ad-Hoc|iPhone.Build.0 = Release|Any CPU
		{94530C33-D119-42FB-8222-304AA1E484EE}.Ad-Hoc|iPhoneSimulator.ActiveCfg = Release|Any CPU
		{94530C33-D119-42FB-8222-304AA1E484EE}.Ad-Hoc|iPhoneSimulator.Build.0 = Release|Any CPU
		{94530C33-D119-42FB-8222-304AA1E484EE}.Ad-Hoc|x64.ActiveCfg = Release|Any CPU
		{94530C33-D119-42FB-8222-304AA1E484EE}.Ad-Hoc|x64.Build.0 = Release|Any CPU
		{94530C33-D119-42FB-8222-304AA1E484EE}.Ad-Hoc|x86.ActiveCfg = Release|Any CPU
		{94530C33-D119-42FB-8222-304AA1E484EE}.Ad-Hoc|x86.Build.0 = Release|Any CPU
		{94530C33-D119-42FB-8222-304AA1E484EE}.AppStore|Any CPU.ActiveCfg = Release|Any CPU
		{94530C33-D119-42FB-8222-304AA1E484EE}.AppStore|Any CPU.Build.0 = Release|Any CPU
		{94530C33-D119-42FB-8222-304AA1E484EE}.AppStore|ARM.ActiveCfg = Release|Any CPU
		{94530C33-D119-42FB-8222-304AA1E484EE}.AppStore|ARM.Build.0 = Release|Any CPU
		{94530C33-D119-42FB-8222-304AA1E484EE}.AppStore|iPhone.ActiveCfg = Release|Any CPU
		{94530C33-D119-42FB-8222-304AA1E484EE}.AppStore|iPhone.Build.0 = Release|Any CPU
		{94530C33-D119-42FB-8222-304AA1E484EE}.AppStore|iPhoneSimulator.ActiveCfg = Release|Any CPU
		{94530C33-D119-42FB-8222-304AA1E484EE}.AppStore|iPhoneSimulator.Build.0 = Release|Any CPU
		{94530C33-D119-42FB-8222-304AA1E484EE}.AppStore|x64.ActiveCfg = Release|Any CPU
		{94530C33-D119-42FB-8222-304AA1E484EE}.AppStore|x64.Build.0 = Release|Any CPU
		{94530C33-D119-42FB-8222-304AA1E484EE}.AppStore|x86.ActiveCfg = Release|Any CPU
		{94530C33-D119-42FB-8222-304AA1E484EE}.AppStore|x86.Build.0 = Release|Any CPU
		{94530C33-D119-42FB-8222-304AA1E484EE}.Debug|Any CPU.ActiveCfg = Debug|Any CPU
		{94530C33-D119-42FB-8222-304AA1E484EE}.Debug|Any CPU.Build.0 = Debug|Any CPU
		{94530C33-D119-42FB-8222-304AA1E484EE}.Debug|ARM.ActiveCfg = Debug|Any CPU
		{94530C33-D119-42FB-8222-304AA1E484EE}.Debug|ARM.Build.0 = Debug|Any CPU
		{94530C33-D119-42FB-8222-304AA1E484EE}.Debug|iPhone.ActiveCfg = Debug|Any CPU
		{94530C33-D119-42FB-8222-304AA1E484EE}.Debug|iPhone.Build.0 = Debug|Any CPU
		{94530C33-D119-42FB-8222-304AA1E484EE}.Debug|iPhoneSimulator.ActiveCfg = Debug|Any CPU
		{94530C33-D119-42FB-8222-304AA1E484EE}.Debug|iPhoneSimulator.Build.0 = Debug|Any CPU
		{94530C33-D119-42FB-8222-304AA1E484EE}.Debug|x64.ActiveCfg = Debug|Any CPU
		{94530C33-D119-42FB-8222-304AA1E484EE}.Debug|x64.Build.0 = Debug|Any CPU
		{94530C33-D119-42FB-8222-304AA1E484EE}.Debug|x86.ActiveCfg = Debug|Any CPU
		{94530C33-D119-42FB-8222-304AA1E484EE}.Debug|x86.Build.0 = Debug|Any CPU
		{94530C33-D119-42FB-8222-304AA1E484EE}.Release|Any CPU.ActiveCfg = Release|Any CPU
		{94530C33-D119-42FB-8222-304AA1E484EE}.Release|Any CPU.Build.0 = Release|Any CPU
		{94530C33-D119-42FB-8222-304AA1E484EE}.Release|ARM.ActiveCfg = Release|Any CPU
		{94530C33-D119-42FB-8222-304AA1E484EE}.Release|ARM.Build.0 = Release|Any CPU
		{94530C33-D119-42FB-8222-304AA1E484EE}.Release|iPhone.ActiveCfg = Release|Any CPU
		{94530C33-D119-42FB-8222-304AA1E484EE}.Release|iPhone.Build.0 = Release|Any CPU
		{94530C33-D119-42FB-8222-304AA1E484EE}.Release|iPhoneSimulator.ActiveCfg = Release|Any CPU
		{94530C33-D119-42FB-8222-304AA1E484EE}.Release|iPhoneSimulator.Build.0 = Release|Any CPU
		{94530C33-D119-42FB-8222-304AA1E484EE}.Release|x64.ActiveCfg = Release|Any CPU
		{94530C33-D119-42FB-8222-304AA1E484EE}.Release|x64.Build.0 = Release|Any CPU
		{94530C33-D119-42FB-8222-304AA1E484EE}.Release|x86.ActiveCfg = Release|Any CPU
		{94530C33-D119-42FB-8222-304AA1E484EE}.Release|x86.Build.0 = Release|Any CPU
		{EA28E3BA-6D60-470E-902D-162194EBCEC7}.Ad-Hoc|Any CPU.ActiveCfg = Release|x86
		{EA28E3BA-6D60-470E-902D-162194EBCEC7}.Ad-Hoc|Any CPU.Build.0 = Release|x86
		{EA28E3BA-6D60-470E-902D-162194EBCEC7}.Ad-Hoc|Any CPU.Deploy.0 = Release|x86
		{EA28E3BA-6D60-470E-902D-162194EBCEC7}.Ad-Hoc|ARM.ActiveCfg = Release|ARM
		{EA28E3BA-6D60-470E-902D-162194EBCEC7}.Ad-Hoc|ARM.Build.0 = Release|ARM
		{EA28E3BA-6D60-470E-902D-162194EBCEC7}.Ad-Hoc|ARM.Deploy.0 = Release|ARM
		{EA28E3BA-6D60-470E-902D-162194EBCEC7}.Ad-Hoc|iPhone.ActiveCfg = Release|x86
		{EA28E3BA-6D60-470E-902D-162194EBCEC7}.Ad-Hoc|iPhone.Build.0 = Release|x86
		{EA28E3BA-6D60-470E-902D-162194EBCEC7}.Ad-Hoc|iPhone.Deploy.0 = Release|x86
		{EA28E3BA-6D60-470E-902D-162194EBCEC7}.Ad-Hoc|iPhoneSimulator.ActiveCfg = Release|x86
		{EA28E3BA-6D60-470E-902D-162194EBCEC7}.Ad-Hoc|iPhoneSimulator.Build.0 = Release|x86
		{EA28E3BA-6D60-470E-902D-162194EBCEC7}.Ad-Hoc|iPhoneSimulator.Deploy.0 = Release|x86
		{EA28E3BA-6D60-470E-902D-162194EBCEC7}.Ad-Hoc|x64.ActiveCfg = Release|x64
		{EA28E3BA-6D60-470E-902D-162194EBCEC7}.Ad-Hoc|x64.Build.0 = Release|x64
		{EA28E3BA-6D60-470E-902D-162194EBCEC7}.Ad-Hoc|x64.Deploy.0 = Release|x64
		{EA28E3BA-6D60-470E-902D-162194EBCEC7}.Ad-Hoc|x86.ActiveCfg = Release|x86
		{EA28E3BA-6D60-470E-902D-162194EBCEC7}.Ad-Hoc|x86.Build.0 = Release|x86
		{EA28E3BA-6D60-470E-902D-162194EBCEC7}.Ad-Hoc|x86.Deploy.0 = Release|x86
		{EA28E3BA-6D60-470E-902D-162194EBCEC7}.AppStore|Any CPU.ActiveCfg = Release|x86
		{EA28E3BA-6D60-470E-902D-162194EBCEC7}.AppStore|Any CPU.Build.0 = Release|x86
		{EA28E3BA-6D60-470E-902D-162194EBCEC7}.AppStore|Any CPU.Deploy.0 = Release|x86
		{EA28E3BA-6D60-470E-902D-162194EBCEC7}.AppStore|ARM.ActiveCfg = Release|ARM
		{EA28E3BA-6D60-470E-902D-162194EBCEC7}.AppStore|ARM.Build.0 = Release|ARM
		{EA28E3BA-6D60-470E-902D-162194EBCEC7}.AppStore|ARM.Deploy.0 = Release|ARM
		{EA28E3BA-6D60-470E-902D-162194EBCEC7}.AppStore|iPhone.ActiveCfg = Release|x86
		{EA28E3BA-6D60-470E-902D-162194EBCEC7}.AppStore|iPhone.Build.0 = Release|x86
		{EA28E3BA-6D60-470E-902D-162194EBCEC7}.AppStore|iPhone.Deploy.0 = Release|x86
		{EA28E3BA-6D60-470E-902D-162194EBCEC7}.AppStore|iPhoneSimulator.ActiveCfg = Release|x86
		{EA28E3BA-6D60-470E-902D-162194EBCEC7}.AppStore|iPhoneSimulator.Build.0 = Release|x86
		{EA28E3BA-6D60-470E-902D-162194EBCEC7}.AppStore|iPhoneSimulator.Deploy.0 = Release|x86
		{EA28E3BA-6D60-470E-902D-162194EBCEC7}.AppStore|x64.ActiveCfg = Release|x64
		{EA28E3BA-6D60-470E-902D-162194EBCEC7}.AppStore|x64.Build.0 = Release|x64
		{EA28E3BA-6D60-470E-902D-162194EBCEC7}.AppStore|x64.Deploy.0 = Release|x64
		{EA28E3BA-6D60-470E-902D-162194EBCEC7}.AppStore|x86.ActiveCfg = Release|x86
		{EA28E3BA-6D60-470E-902D-162194EBCEC7}.AppStore|x86.Build.0 = Release|x86
		{EA28E3BA-6D60-470E-902D-162194EBCEC7}.AppStore|x86.Deploy.0 = Release|x86
		{EA28E3BA-6D60-470E-902D-162194EBCEC7}.Debug|Any CPU.ActiveCfg = Debug|x86
		{EA28E3BA-6D60-470E-902D-162194EBCEC7}.Debug|Any CPU.Build.0 = Debug|x86
		{EA28E3BA-6D60-470E-902D-162194EBCEC7}.Debug|Any CPU.Deploy.0 = Debug|x86
		{EA28E3BA-6D60-470E-902D-162194EBCEC7}.Debug|ARM.ActiveCfg = Debug|ARM
		{EA28E3BA-6D60-470E-902D-162194EBCEC7}.Debug|ARM.Build.0 = Debug|ARM
		{EA28E3BA-6D60-470E-902D-162194EBCEC7}.Debug|ARM.Deploy.0 = Debug|ARM
		{EA28E3BA-6D60-470E-902D-162194EBCEC7}.Debug|iPhone.ActiveCfg = Debug|x86
		{EA28E3BA-6D60-470E-902D-162194EBCEC7}.Debug|iPhoneSimulator.ActiveCfg = Debug|x86
		{EA28E3BA-6D60-470E-902D-162194EBCEC7}.Debug|x64.ActiveCfg = Debug|x64
		{EA28E3BA-6D60-470E-902D-162194EBCEC7}.Debug|x64.Build.0 = Debug|x64
		{EA28E3BA-6D60-470E-902D-162194EBCEC7}.Debug|x64.Deploy.0 = Debug|x64
		{EA28E3BA-6D60-470E-902D-162194EBCEC7}.Debug|x86.ActiveCfg = Debug|x86
		{EA28E3BA-6D60-470E-902D-162194EBCEC7}.Debug|x86.Build.0 = Debug|x86
		{EA28E3BA-6D60-470E-902D-162194EBCEC7}.Debug|x86.Deploy.0 = Debug|x86
		{EA28E3BA-6D60-470E-902D-162194EBCEC7}.Release|Any CPU.ActiveCfg = Release|x86
		{EA28E3BA-6D60-470E-902D-162194EBCEC7}.Release|ARM.ActiveCfg = Release|ARM
		{EA28E3BA-6D60-470E-902D-162194EBCEC7}.Release|ARM.Build.0 = Release|ARM
		{EA28E3BA-6D60-470E-902D-162194EBCEC7}.Release|ARM.Deploy.0 = Release|ARM
		{EA28E3BA-6D60-470E-902D-162194EBCEC7}.Release|iPhone.ActiveCfg = Release|x86
		{EA28E3BA-6D60-470E-902D-162194EBCEC7}.Release|iPhoneSimulator.ActiveCfg = Release|x86
		{EA28E3BA-6D60-470E-902D-162194EBCEC7}.Release|x64.ActiveCfg = Release|x64
		{EA28E3BA-6D60-470E-902D-162194EBCEC7}.Release|x64.Build.0 = Release|x64
		{EA28E3BA-6D60-470E-902D-162194EBCEC7}.Release|x64.Deploy.0 = Release|x64
		{EA28E3BA-6D60-470E-902D-162194EBCEC7}.Release|x86.ActiveCfg = Release|x86
		{EA28E3BA-6D60-470E-902D-162194EBCEC7}.Release|x86.Build.0 = Release|x86
		{EA28E3BA-6D60-470E-902D-162194EBCEC7}.Release|x86.Deploy.0 = Release|x86
		{94F9B155-9A81-4C8B-B262-ACDF4E2570D8}.Ad-Hoc|Any CPU.ActiveCfg = Ad-Hoc|iPhone
		{94F9B155-9A81-4C8B-B262-ACDF4E2570D8}.Ad-Hoc|ARM.ActiveCfg = Ad-Hoc|iPhone
		{94F9B155-9A81-4C8B-B262-ACDF4E2570D8}.Ad-Hoc|iPhone.ActiveCfg = Ad-Hoc|iPhone
		{94F9B155-9A81-4C8B-B262-ACDF4E2570D8}.Ad-Hoc|iPhone.Build.0 = Ad-Hoc|iPhone
		{94F9B155-9A81-4C8B-B262-ACDF4E2570D8}.Ad-Hoc|iPhoneSimulator.ActiveCfg = Ad-Hoc|iPhoneSimulator
		{94F9B155-9A81-4C8B-B262-ACDF4E2570D8}.Ad-Hoc|iPhoneSimulator.Build.0 = Ad-Hoc|iPhoneSimulator
		{94F9B155-9A81-4C8B-B262-ACDF4E2570D8}.Ad-Hoc|x64.ActiveCfg = Ad-Hoc|iPhone
		{94F9B155-9A81-4C8B-B262-ACDF4E2570D8}.Ad-Hoc|x86.ActiveCfg = Ad-Hoc|iPhone
		{94F9B155-9A81-4C8B-B262-ACDF4E2570D8}.AppStore|Any CPU.ActiveCfg = AppStore|iPhone
		{94F9B155-9A81-4C8B-B262-ACDF4E2570D8}.AppStore|ARM.ActiveCfg = AppStore|iPhone
		{94F9B155-9A81-4C8B-B262-ACDF4E2570D8}.AppStore|iPhone.ActiveCfg = AppStore|iPhone
		{94F9B155-9A81-4C8B-B262-ACDF4E2570D8}.AppStore|iPhone.Build.0 = AppStore|iPhone
		{94F9B155-9A81-4C8B-B262-ACDF4E2570D8}.AppStore|iPhoneSimulator.ActiveCfg = AppStore|iPhoneSimulator
		{94F9B155-9A81-4C8B-B262-ACDF4E2570D8}.AppStore|iPhoneSimulator.Build.0 = AppStore|iPhoneSimulator
		{94F9B155-9A81-4C8B-B262-ACDF4E2570D8}.AppStore|x64.ActiveCfg = AppStore|iPhone
		{94F9B155-9A81-4C8B-B262-ACDF4E2570D8}.AppStore|x86.ActiveCfg = AppStore|iPhone
		{94F9B155-9A81-4C8B-B262-ACDF4E2570D8}.Debug|Any CPU.ActiveCfg = Debug|iPhone
		{94F9B155-9A81-4C8B-B262-ACDF4E2570D8}.Debug|ARM.ActiveCfg = Debug|iPhone
		{94F9B155-9A81-4C8B-B262-ACDF4E2570D8}.Debug|iPhone.ActiveCfg = Debug|iPhone
		{94F9B155-9A81-4C8B-B262-ACDF4E2570D8}.Debug|iPhone.Build.0 = Debug|iPhone
		{94F9B155-9A81-4C8B-B262-ACDF4E2570D8}.Debug|iPhoneSimulator.ActiveCfg = Debug|iPhoneSimulator
		{94F9B155-9A81-4C8B-B262-ACDF4E2570D8}.Debug|iPhoneSimulator.Build.0 = Debug|iPhoneSimulator
		{94F9B155-9A81-4C8B-B262-ACDF4E2570D8}.Debug|x64.ActiveCfg = Debug|iPhone
		{94F9B155-9A81-4C8B-B262-ACDF4E2570D8}.Debug|x86.ActiveCfg = Debug|iPhone
		{94F9B155-9A81-4C8B-B262-ACDF4E2570D8}.Release|Any CPU.ActiveCfg = Release|iPhone
		{94F9B155-9A81-4C8B-B262-ACDF4E2570D8}.Release|ARM.ActiveCfg = Release|iPhone
		{94F9B155-9A81-4C8B-B262-ACDF4E2570D8}.Release|iPhone.ActiveCfg = Release|iPhone
		{94F9B155-9A81-4C8B-B262-ACDF4E2570D8}.Release|iPhone.Build.0 = Release|iPhone
		{94F9B155-9A81-4C8B-B262-ACDF4E2570D8}.Release|iPhoneSimulator.ActiveCfg = Release|iPhoneSimulator
		{94F9B155-9A81-4C8B-B262-ACDF4E2570D8}.Release|iPhoneSimulator.Build.0 = Release|iPhoneSimulator
		{94F9B155-9A81-4C8B-B262-ACDF4E2570D8}.Release|x64.ActiveCfg = Release|iPhone
		{94F9B155-9A81-4C8B-B262-ACDF4E2570D8}.Release|x86.ActiveCfg = Release|iPhone
	EndGlobalSection
	GlobalSection(SolutionProperties) = preSolution
		HideSolutionNode = FALSE
	EndGlobalSection
	GlobalSection(ExtensibilityGlobals) = postSolution
		SolutionGuid = {7A2BC433-A712-42BA-9ABA-410606CEAF9C}
	EndGlobalSection
EndGlobal
