
Microsoft Visual Studio Solution File, Format Version 12.00
# Visual Studio 15
VisualStudioVersion = 15.0.26730.3
MinimumVisualStudioVersion = 10.0.40219.1
Project("{FAE04EC0-301F-11D3-BF4B-00C04F79EFBC}") = "Phoneword.Android", "Phoneword\Phoneword.Android\Phoneword.Android.csproj", "{115185A1-4388-498C-A411-2392D56454FA}"
EndProject
Project("{FAE04EC0-301F-11D3-BF4B-00C04F79EFBC}") = "Phoneword", "Phoneword\Phoneword\Phoneword.csproj", "{F162619F-1069-4AC8-961D-1610DB671A27}"
EndProject
Project("{FAE04EC0-301F-11D3-BF4B-00C04F79EFBC}") = "Phoneword.UWP", "Phoneword\Phoneword.UWP\Phoneword.UWP.csproj", "{FC5F5DFE-8AC7-4F56-A43A-589B0081A35A}"
EndProject
Project("{FAE04EC0-301F-11D3-BF4B-00C04F79EFBC}") = "Phoneword.iOS", "Phoneword\Phoneword.iOS\Phoneword.iOS.csproj", "{818C9976-280C-412E-8C2C-C6048BD22685}"
EndProject
Global
	GlobalSection(SolutionConfigurationPlatforms) = preSolution
		Ad-Hoc|Any CPU = Ad-Hoc|Any CPU
		Ad-Hoc|ARM = Ad-Hoc|ARM
		Ad-Hoc|iPhone = Ad-Hoc|iPhone
		Ad-Hoc|iPhoneSimulator = Ad-Hoc|iPhoneSimulator
		Ad-Hoc|x64 = Ad-Hoc|x64
		Ad-Hoc|x86 = Ad-Hoc|x86
		AppStore|Any CPU = AppStore|Any CPU
		AppStore|ARM = AppStore|ARM
		AppStore|iPhone = AppStore|iPhone
		AppStore|iPhoneSimulator = AppStore|iPhoneSimulator
		AppStore|x64 = AppStore|x64
		AppStore|x86 = AppStore|x86
		Debug|Any CPU = Debug|Any CPU
		Debug|ARM = Debug|ARM
		Debug|iPhone = Debug|iPhone
		Debug|iPhoneSimulator = Debug|iPhoneSimulator
		Debug|x64 = Debug|x64
		Debug|x86 = Debug|x86
		Release|Any CPU = Release|Any CPU
		Release|ARM = Release|ARM
		Release|iPhone = Release|iPhone
		Release|iPhoneSimulator = Release|iPhoneSimulator
		Release|x64 = Release|x64
		Release|x86 = Release|x86
	EndGlobalSection
	GlobalSection(ProjectConfigurationPlatforms) = postSolution
		{115185A1-4388-498C-A411-2392D56454FA}.Ad-Hoc|Any CPU.ActiveCfg = Release|Any CPU
		{115185A1-4388-498C-A411-2392D56454FA}.Ad-Hoc|Any CPU.Build.0 = Release|Any CPU
		{115185A1-4388-498C-A411-2392D56454FA}.Ad-Hoc|Any CPU.Deploy.0 = Release|Any CPU
		{115185A1-4388-498C-A411-2392D56454FA}.Ad-Hoc|ARM.ActiveCfg = Release|Any CPU
		{115185A1-4388-498C-A411-2392D56454FA}.Ad-Hoc|ARM.Build.0 = Release|Any CPU
		{115185A1-4388-498C-A411-2392D56454FA}.Ad-Hoc|ARM.Deploy.0 = Release|Any CPU
		{115185A1-4388-498C-A411-2392D56454FA}.Ad-Hoc|iPhone.ActiveCfg = Release|Any CPU
		{115185A1-4388-498C-A411-2392D56454FA}.Ad-Hoc|iPhone.Build.0 = Release|Any CPU
		{115185A1-4388-498C-A411-2392D56454FA}.Ad-Hoc|iPhone.Deploy.0 = Release|Any CPU
		{115185A1-4388-498C-A411-2392D56454FA}.Ad-Hoc|iPhoneSimulator.ActiveCfg = Release|Any CPU
		{115185A1-4388-498C-A411-2392D56454FA}.Ad-Hoc|iPhoneSimulator.Build.0 = Release|Any CPU
		{115185A1-4388-498C-A411-2392D56454FA}.Ad-Hoc|iPhoneSimulator.Deploy.0 = Release|Any CPU
		{115185A1-4388-498C-A411-2392D56454FA}.Ad-Hoc|x64.ActiveCfg = Release|Any CPU
		{115185A1-4388-498C-A411-2392D56454FA}.Ad-Hoc|x64.Build.0 = Release|Any CPU
		{115185A1-4388-498C-A411-2392D56454FA}.Ad-Hoc|x64.Deploy.0 = Release|Any CPU
		{115185A1-4388-498C-A411-2392D56454FA}.Ad-Hoc|x86.ActiveCfg = Release|Any CPU
		{115185A1-4388-498C-A411-2392D56454FA}.Ad-Hoc|x86.Build.0 = Release|Any CPU
		{115185A1-4388-498C-A411-2392D56454FA}.Ad-Hoc|x86.Deploy.0 = Release|Any CPU
		{115185A1-4388-498C-A411-2392D56454FA}.AppStore|Any CPU.ActiveCfg = Release|Any CPU
		{115185A1-4388-498C-A411-2392D56454FA}.AppStore|Any CPU.Build.0 = Release|Any CPU
		{115185A1-4388-498C-A411-2392D56454FA}.AppStore|Any CPU.Deploy.0 = Release|Any CPU
		{115185A1-4388-498C-A411-2392D56454FA}.AppStore|ARM.ActiveCfg = Release|Any CPU
		{115185A1-4388-498C-A411-2392D56454FA}.AppStore|ARM.Build.0 = Release|Any CPU
		{115185A1-4388-498C-A411-2392D56454FA}.AppStore|ARM.Deploy.0 = Release|Any CPU
		{115185A1-4388-498C-A411-2392D56454FA}.AppStore|iPhone.ActiveCfg = Release|Any CPU
		{115185A1-4388-498C-A411-2392D56454FA}.AppStore|iPhone.Build.0 = Release|Any CPU
		{115185A1-4388-498C-A411-2392D56454FA}.AppStore|iPhone.Deploy.0 = Release|Any CPU
		{115185A1-4388-498C-A411-2392D56454FA}.AppStore|iPhoneSimulator.ActiveCfg = Release|Any CPU
		{115185A1-4388-498C-A411-2392D56454FA}.AppStore|iPhoneSimulator.Build.0 = Release|Any CPU
		{115185A1-4388-498C-A411-2392D56454FA}.AppStore|iPhoneSimulator.Deploy.0 = Release|Any CPU
		{115185A1-4388-498C-A411-2392D56454FA}.AppStore|x64.ActiveCfg = Release|Any CPU
		{115185A1-4388-498C-A411-2392D56454FA}.AppStore|x64.Build.0 = Release|Any CPU
		{115185A1-4388-498C-A411-2392D56454FA}.AppStore|x64.Deploy.0 = Release|Any CPU
		{115185A1-4388-498C-A411-2392D56454FA}.AppStore|x86.ActiveCfg = Release|Any CPU
		{115185A1-4388-498C-A411-2392D56454FA}.AppStore|x86.Build.0 = Release|Any CPU
		{115185A1-4388-498C-A411-2392D56454FA}.AppStore|x86.Deploy.0 = Release|Any CPU
		{115185A1-4388-498C-A411-2392D56454FA}.Debug|Any CPU.ActiveCfg = Debug|Any CPU
		{115185A1-4388-498C-A411-2392D56454FA}.Debug|Any CPU.Build.0 = Debug|Any CPU
		{115185A1-4388-498C-A411-2392D56454FA}.Debug|Any CPU.Deploy.0 = Debug|Any CPU
		{115185A1-4388-498C-A411-2392D56454FA}.Debug|ARM.ActiveCfg = Debug|Any CPU
		{115185A1-4388-498C-A411-2392D56454FA}.Debug|ARM.Build.0 = Debug|Any CPU
		{115185A1-4388-498C-A411-2392D56454FA}.Debug|ARM.Deploy.0 = Debug|Any CPU
		{115185A1-4388-498C-A411-2392D56454FA}.Debug|iPhone.ActiveCfg = Debug|Any CPU
		{115185A1-4388-498C-A411-2392D56454FA}.Debug|iPhone.Build.0 = Debug|Any CPU
		{115185A1-4388-498C-A411-2392D56454FA}.Debug|iPhone.Deploy.0 = Debug|Any CPU
		{115185A1-4388-498C-A411-2392D56454FA}.Debug|iPhoneSimulator.ActiveCfg = Debug|Any CPU
		{115185A1-4388-498C-A411-2392D56454FA}.Debug|iPhoneSimulator.Build.0 = Debug|Any CPU
		{115185A1-4388-498C-A411-2392D56454FA}.Debug|iPhoneSimulator.Deploy.0 = Debug|Any CPU
		{115185A1-4388-498C-A411-2392D56454FA}.Debug|x64.ActiveCfg = Debug|Any CPU
		{115185A1-4388-498C-A411-2392D56454FA}.Debug|x64.Build.0 = Debug|Any CPU
		{115185A1-4388-498C-A411-2392D56454FA}.Debug|x64.Deploy.0 = Debug|Any CPU
		{115185A1-4388-498C-A411-2392D56454FA}.Debug|x86.ActiveCfg = Debug|Any CPU
		{115185A1-4388-498C-A411-2392D56454FA}.Debug|x86.Build.0 = Debug|Any CPU
		{115185A1-4388-498C-A411-2392D56454FA}.Debug|x86.Deploy.0 = Debug|Any CPU
		{115185A1-4388-498C-A411-2392D56454FA}.Release|Any CPU.ActiveCfg = Release|Any CPU
		{115185A1-4388-498C-A411-2392D56454FA}.Release|Any CPU.Build.0 = Release|Any CPU
		{115185A1-4388-498C-A411-2392D56454FA}.Release|Any CPU.Deploy.0 = Release|Any CPU
		{115185A1-4388-498C-A411-2392D56454FA}.Release|ARM.ActiveCfg = Release|Any CPU
		{115185A1-4388-498C-A411-2392D56454FA}.Release|ARM.Build.0 = Release|Any CPU
		{115185A1-4388-498C-A411-2392D56454FA}.Release|ARM.Deploy.0 = Release|Any CPU
		{115185A1-4388-498C-A411-2392D56454FA}.Release|iPhone.ActiveCfg = Release|Any CPU
		{115185A1-4388-498C-A411-2392D56454FA}.Release|iPhone.Build.0 = Release|Any CPU
		{115185A1-4388-498C-A411-2392D56454FA}.Release|iPhone.Deploy.0 = Release|Any CPU
		{115185A1-4388-498C-A411-2392D56454FA}.Release|iPhoneSimulator.ActiveCfg = Release|Any CPU
		{115185A1-4388-498C-A411-2392D56454FA}.Release|iPhoneSimulator.Build.0 = Release|Any CPU
		{115185A1-4388-498C-A411-2392D56454FA}.Release|iPhoneSimulator.Deploy.0 = Release|Any CPU
		{115185A1-4388-498C-A411-2392D56454FA}.Release|x64.ActiveCfg = Release|Any CPU
		{115185A1-4388-498C-A411-2392D56454FA}.Release|x64.Build.0 = Release|Any CPU
		{115185A1-4388-498C-A411-2392D56454FA}.Release|x64.Deploy.0 = Release|Any CPU
		{115185A1-4388-498C-A411-2392D56454FA}.Release|x86.ActiveCfg = Release|Any CPU
		{115185A1-4388-498C-A411-2392D56454FA}.Release|x86.Build.0 = Release|Any CPU
		{115185A1-4388-498C-A411-2392D56454FA}.Release|x86.Deploy.0 = Release|Any CPU
		{F162619F-1069-4AC8-961D-1610DB671A27}.Ad-Hoc|Any CPU.ActiveCfg = Release|Any CPU
		{F162619F-1069-4AC8-961D-1610DB671A27}.Ad-Hoc|Any CPU.Build.0 = Release|Any CPU
		{F162619F-1069-4AC8-961D-1610DB671A27}.Ad-Hoc|ARM.ActiveCfg = Release|Any CPU
		{F162619F-1069-4AC8-961D-1610DB671A27}.Ad-Hoc|ARM.Build.0 = Release|Any CPU
		{F162619F-1069-4AC8-961D-1610DB671A27}.Ad-Hoc|iPhone.ActiveCfg = Release|Any CPU
		{F162619F-1069-4AC8-961D-1610DB671A27}.Ad-Hoc|iPhone.Build.0 = Release|Any CPU
		{F162619F-1069-4AC8-961D-1610DB671A27}.Ad-Hoc|iPhoneSimulator.ActiveCfg = Release|Any CPU
		{F162619F-1069-4AC8-961D-1610DB671A27}.Ad-Hoc|iPhoneSimulator.Build.0 = Release|Any CPU
		{F162619F-1069-4AC8-961D-1610DB671A27}.Ad-Hoc|x64.ActiveCfg = Release|Any CPU
		{F162619F-1069-4AC8-961D-1610DB671A27}.Ad-Hoc|x64.Build.0 = Release|Any CPU
		{F162619F-1069-4AC8-961D-1610DB671A27}.Ad-Hoc|x86.ActiveCfg = Release|Any CPU
		{F162619F-1069-4AC8-961D-1610DB671A27}.Ad-Hoc|x86.Build.0 = Release|Any CPU
		{F162619F-1069-4AC8-961D-1610DB671A27}.AppStore|Any CPU.ActiveCfg = Release|Any CPU
		{F162619F-1069-4AC8-961D-1610DB671A27}.AppStore|Any CPU.Build.0 = Release|Any CPU
		{F162619F-1069-4AC8-961D-1610DB671A27}.AppStore|ARM.ActiveCfg = Release|Any CPU
		{F162619F-1069-4AC8-961D-1610DB671A27}.AppStore|ARM.Build.0 = Release|Any CPU
		{F162619F-1069-4AC8-961D-1610DB671A27}.AppStore|iPhone.ActiveCfg = Release|Any CPU
		{F162619F-1069-4AC8-961D-1610DB671A27}.AppStore|iPhone.Build.0 = Release|Any CPU
		{F162619F-1069-4AC8-961D-1610DB671A27}.AppStore|iPhoneSimulator.ActiveCfg = Release|Any CPU
		{F162619F-1069-4AC8-961D-1610DB671A27}.AppStore|iPhoneSimulator.Build.0 = Release|Any CPU
		{F162619F-1069-4AC8-961D-1610DB671A27}.AppStore|x64.ActiveCfg = Release|Any CPU
		{F162619F-1069-4AC8-961D-1610DB671A27}.AppStore|x64.Build.0 = Release|Any CPU
		{F162619F-1069-4AC8-961D-1610DB671A27}.AppStore|x86.ActiveCfg = Release|Any CPU
		{F162619F-1069-4AC8-961D-1610DB671A27}.AppStore|x86.Build.0 = Release|Any CPU
		{F162619F-1069-4AC8-961D-1610DB671A27}.Debug|Any CPU.ActiveCfg = Debug|Any CPU
		{F162619F-1069-4AC8-961D-1610DB671A27}.Debug|Any CPU.Build.0 = Debug|Any CPU
		{F162619F-1069-4AC8-961D-1610DB671A27}.Debug|ARM.ActiveCfg = Debug|Any CPU
		{F162619F-1069-4AC8-961D-1610DB671A27}.Debug|ARM.Build.0 = Debug|Any CPU
		{F162619F-1069-4AC8-961D-1610DB671A27}.Debug|iPhone.ActiveCfg = Debug|Any CPU
		{F162619F-1069-4AC8-961D-1610DB671A27}.Debug|iPhone.Build.0 = Debug|Any CPU
		{F162619F-1069-4AC8-961D-1610DB671A27}.Debug|iPhoneSimulator.ActiveCfg = Debug|Any CPU
		{F162619F-1069-4AC8-961D-1610DB671A27}.Debug|iPhoneSimulator.Build.0 = Debug|Any CPU
		{F162619F-1069-4AC8-961D-1610DB671A27}.Debug|x64.ActiveCfg = Debug|Any CPU
		{F162619F-1069-4AC8-961D-1610DB671A27}.Debug|x64.Build.0 = Debug|Any CPU
		{F162619F-1069-4AC8-961D-1610DB671A27}.Debug|x86.ActiveCfg = Debug|Any CPU
		{F162619F-1069-4AC8-961D-1610DB671A27}.Debug|x86.Build.0 = Debug|Any CPU
		{F162619F-1069-4AC8-961D-1610DB671A27}.Release|Any CPU.ActiveCfg = Release|Any CPU
		{F162619F-1069-4AC8-961D-1610DB671A27}.Release|Any CPU.Build.0 = Release|Any CPU
		{F162619F-1069-4AC8-961D-1610DB671A27}.Release|ARM.ActiveCfg = Release|Any CPU
		{F162619F-1069-4AC8-961D-1610DB671A27}.Release|ARM.Build.0 = Release|Any CPU
		{F162619F-1069-4AC8-961D-1610DB671A27}.Release|iPhone.ActiveCfg = Release|Any CPU
		{F162619F-1069-4AC8-961D-1610DB671A27}.Release|iPhone.Build.0 = Release|Any CPU
		{F162619F-1069-4AC8-961D-1610DB671A27}.Release|iPhoneSimulator.ActiveCfg = Release|Any CPU
		{F162619F-1069-4AC8-961D-1610DB671A27}.Release|iPhoneSimulator.Build.0 = Release|Any CPU
		{F162619F-1069-4AC8-961D-1610DB671A27}.Release|x64.ActiveCfg = Release|Any CPU
		{F162619F-1069-4AC8-961D-1610DB671A27}.Release|x64.Build.0 = Release|Any CPU
		{F162619F-1069-4AC8-961D-1610DB671A27}.Release|x86.ActiveCfg = Release|Any CPU
		{F162619F-1069-4AC8-961D-1610DB671A27}.Release|x86.Build.0 = Release|Any CPU
		{FC5F5DFE-8AC7-4F56-A43A-589B0081A35A}.Ad-Hoc|Any CPU.ActiveCfg = Release|x86
		{FC5F5DFE-8AC7-4F56-A43A-589B0081A35A}.Ad-Hoc|Any CPU.Build.0 = Release|x86
		{FC5F5DFE-8AC7-4F56-A43A-589B0081A35A}.Ad-Hoc|Any CPU.Deploy.0 = Release|x86
		{FC5F5DFE-8AC7-4F56-A43A-589B0081A35A}.Ad-Hoc|ARM.ActiveCfg = Release|ARM
		{FC5F5DFE-8AC7-4F56-A43A-589B0081A35A}.Ad-Hoc|ARM.Build.0 = Release|ARM
		{FC5F5DFE-8AC7-4F56-A43A-589B0081A35A}.Ad-Hoc|ARM.Deploy.0 = Release|ARM
		{FC5F5DFE-8AC7-4F56-A43A-589B0081A35A}.Ad-Hoc|iPhone.ActiveCfg = Release|x86
		{FC5F5DFE-8AC7-4F56-A43A-589B0081A35A}.Ad-Hoc|iPhone.Build.0 = Release|x86
		{FC5F5DFE-8AC7-4F56-A43A-589B0081A35A}.Ad-Hoc|iPhone.Deploy.0 = Release|x86
		{FC5F5DFE-8AC7-4F56-A43A-589B0081A35A}.Ad-Hoc|iPhoneSimulator.ActiveCfg = Release|x86
		{FC5F5DFE-8AC7-4F56-A43A-589B0081A35A}.Ad-Hoc|iPhoneSimulator.Build.0 = Release|x86
		{FC5F5DFE-8AC7-4F56-A43A-589B0081A35A}.Ad-Hoc|iPhoneSimulator.Deploy.0 = Release|x86
		{FC5F5DFE-8AC7-4F56-A43A-589B0081A35A}.Ad-Hoc|x64.ActiveCfg = Release|x64
		{FC5F5DFE-8AC7-4F56-A43A-589B0081A35A}.Ad-Hoc|x64.Build.0 = Release|x64
		{FC5F5DFE-8AC7-4F56-A43A-589B0081A35A}.Ad-Hoc|x64.Deploy.0 = Release|x64
		{FC5F5DFE-8AC7-4F56-A43A-589B0081A35A}.Ad-Hoc|x86.ActiveCfg = Release|x86
		{FC5F5DFE-8AC7-4F56-A43A-589B0081A35A}.Ad-Hoc|x86.Build.0 = Release|x86
		{FC5F5DFE-8AC7-4F56-A43A-589B0081A35A}.Ad-Hoc|x86.Deploy.0 = Release|x86
		{FC5F5DFE-8AC7-4F56-A43A-589B0081A35A}.AppStore|Any CPU.ActiveCfg = Release|x86
		{FC5F5DFE-8AC7-4F56-A43A-589B0081A35A}.AppStore|Any CPU.Build.0 = Release|x86
		{FC5F5DFE-8AC7-4F56-A43A-589B0081A35A}.AppStore|Any CPU.Deploy.0 = Release|x86
		{FC5F5DFE-8AC7-4F56-A43A-589B0081A35A}.AppStore|ARM.ActiveCfg = Release|ARM
		{FC5F5DFE-8AC7-4F56-A43A-589B0081A35A}.AppStore|ARM.Build.0 = Release|ARM
		{FC5F5DFE-8AC7-4F56-A43A-589B0081A35A}.AppStore|ARM.Deploy.0 = Release|ARM
		{FC5F5DFE-8AC7-4F56-A43A-589B0081A35A}.AppStore|iPhone.ActiveCfg = Release|x86
		{FC5F5DFE-8AC7-4F56-A43A-589B0081A35A}.AppStore|iPhone.Build.0 = Release|x86
		{FC5F5DFE-8AC7-4F56-A43A-589B0081A35A}.AppStore|iPhone.Deploy.0 = Release|x86
		{FC5F5DFE-8AC7-4F56-A43A-589B0081A35A}.AppStore|iPhoneSimulator.ActiveCfg = Release|x86
		{FC5F5DFE-8AC7-4F56-A43A-589B0081A35A}.AppStore|iPhoneSimulator.Build.0 = Release|x86
		{FC5F5DFE-8AC7-4F56-A43A-589B0081A35A}.AppStore|iPhoneSimulator.Deploy.0 = Release|x86
		{FC5F5DFE-8AC7-4F56-A43A-589B0081A35A}.AppStore|x64.ActiveCfg = Release|x64
		{FC5F5DFE-8AC7-4F56-A43A-589B0081A35A}.AppStore|x64.Build.0 = Release|x64
		{FC5F5DFE-8AC7-4F56-A43A-589B0081A35A}.AppStore|x64.Deploy.0 = Release|x64
		{FC5F5DFE-8AC7-4F56-A43A-589B0081A35A}.AppStore|x86.ActiveCfg = Release|x86
		{FC5F5DFE-8AC7-4F56-A43A-589B0081A35A}.AppStore|x86.Build.0 = Release|x86
		{FC5F5DFE-8AC7-4F56-A43A-589B0081A35A}.AppStore|x86.Deploy.0 = Release|x86
		{FC5F5DFE-8AC7-4F56-A43A-589B0081A35A}.Debug|Any CPU.ActiveCfg = Debug|x86
		{FC5F5DFE-8AC7-4F56-A43A-589B0081A35A}.Debug|Any CPU.Build.0 = Debug|x86
		{FC5F5DFE-8AC7-4F56-A43A-589B0081A35A}.Debug|Any CPU.Deploy.0 = Debug|x86
		{FC5F5DFE-8AC7-4F56-A43A-589B0081A35A}.Debug|ARM.ActiveCfg = Debug|ARM
		{FC5F5DFE-8AC7-4F56-A43A-589B0081A35A}.Debug|ARM.Build.0 = Debug|ARM
		{FC5F5DFE-8AC7-4F56-A43A-589B0081A35A}.Debug|ARM.Deploy.0 = Debug|ARM
		{FC5F5DFE-8AC7-4F56-A43A-589B0081A35A}.Debug|iPhone.ActiveCfg = Debug|x86
		{FC5F5DFE-8AC7-4F56-A43A-589B0081A35A}.Debug|iPhoneSimulator.ActiveCfg = Debug|x86
		{FC5F5DFE-8AC7-4F56-A43A-589B0081A35A}.Debug|x64.ActiveCfg = Debug|x64
		{FC5F5DFE-8AC7-4F56-A43A-589B0081A35A}.Debug|x64.Build.0 = Debug|x64
		{FC5F5DFE-8AC7-4F56-A43A-589B0081A35A}.Debug|x64.Deploy.0 = Debug|x64
		{FC5F5DFE-8AC7-4F56-A43A-589B0081A35A}.Debug|x86.ActiveCfg = Debug|x86
		{FC5F5DFE-8AC7-4F56-A43A-589B0081A35A}.Debug|x86.Build.0 = Debug|x86
		{FC5F5DFE-8AC7-4F56-A43A-589B0081A35A}.Debug|x86.Deploy.0 = Debug|x86
		{FC5F5DFE-8AC7-4F56-A43A-589B0081A35A}.Release|Any CPU.ActiveCfg = Release|x86
		{FC5F5DFE-8AC7-4F56-A43A-589B0081A35A}.Release|ARM.ActiveCfg = Release|ARM
		{FC5F5DFE-8AC7-4F56-A43A-589B0081A35A}.Release|ARM.Build.0 = Release|ARM
		{FC5F5DFE-8AC7-4F56-A43A-589B0081A35A}.Release|ARM.Deploy.0 = Release|ARM
		{FC5F5DFE-8AC7-4F56-A43A-589B0081A35A}.Release|iPhone.ActiveCfg = Release|x86
		{FC5F5DFE-8AC7-4F56-A43A-589B0081A35A}.Release|iPhoneSimulator.ActiveCfg = Release|x86
		{FC5F5DFE-8AC7-4F56-A43A-589B0081A35A}.Release|x64.ActiveCfg = Release|x64
		{FC5F5DFE-8AC7-4F56-A43A-589B0081A35A}.Release|x64.Build.0 = Release|x64
		{FC5F5DFE-8AC7-4F56-A43A-589B0081A35A}.Release|x64.Deploy.0 = Release|x64
		{FC5F5DFE-8AC7-4F56-A43A-589B0081A35A}.Release|x86.ActiveCfg = Release|x86
		{FC5F5DFE-8AC7-4F56-A43A-589B0081A35A}.Release|x86.Build.0 = Release|x86
		{FC5F5DFE-8AC7-4F56-A43A-589B0081A35A}.Release|x86.Deploy.0 = Release|x86
		{818C9976-280C-412E-8C2C-C6048BD22685}.Ad-Hoc|Any CPU.ActiveCfg = Ad-Hoc|iPhone
		{818C9976-280C-412E-8C2C-C6048BD22685}.Ad-Hoc|ARM.ActiveCfg = Ad-Hoc|iPhone
		{818C9976-280C-412E-8C2C-C6048BD22685}.Ad-Hoc|iPhone.ActiveCfg = Ad-Hoc|iPhone
		{818C9976-280C-412E-8C2C-C6048BD22685}.Ad-Hoc|iPhone.Build.0 = Ad-Hoc|iPhone
		{818C9976-280C-412E-8C2C-C6048BD22685}.Ad-Hoc|iPhoneSimulator.ActiveCfg = Ad-Hoc|iPhoneSimulator
		{818C9976-280C-412E-8C2C-C6048BD22685}.Ad-Hoc|iPhoneSimulator.Build.0 = Ad-Hoc|iPhoneSimulator
		{818C9976-280C-412E-8C2C-C6048BD22685}.Ad-Hoc|x64.ActiveCfg = Ad-Hoc|iPhone
		{818C9976-280C-412E-8C2C-C6048BD22685}.Ad-Hoc|x86.ActiveCfg = Ad-Hoc|iPhone
		{818C9976-280C-412E-8C2C-C6048BD22685}.AppStore|Any CPU.ActiveCfg = AppStore|iPhone
		{818C9976-280C-412E-8C2C-C6048BD22685}.AppStore|ARM.ActiveCfg = AppStore|iPhone
		{818C9976-280C-412E-8C2C-C6048BD22685}.AppStore|iPhone.ActiveCfg = AppStore|iPhone
		{818C9976-280C-412E-8C2C-C6048BD22685}.AppStore|iPhone.Build.0 = AppStore|iPhone
		{818C9976-280C-412E-8C2C-C6048BD22685}.AppStore|iPhoneSimulator.ActiveCfg = AppStore|iPhoneSimulator
		{818C9976-280C-412E-8C2C-C6048BD22685}.AppStore|iPhoneSimulator.Build.0 = AppStore|iPhoneSimulator
		{818C9976-280C-412E-8C2C-C6048BD22685}.AppStore|x64.ActiveCfg = AppStore|iPhone
		{818C9976-280C-412E-8C2C-C6048BD22685}.AppStore|x86.ActiveCfg = AppStore|iPhone
		{818C9976-280C-412E-8C2C-C6048BD22685}.Debug|Any CPU.ActiveCfg = Debug|iPhone
		{818C9976-280C-412E-8C2C-C6048BD22685}.Debug|ARM.ActiveCfg = Debug|iPhone
		{818C9976-280C-412E-8C2C-C6048BD22685}.Debug|iPhone.ActiveCfg = Debug|iPhone
		{818C9976-280C-412E-8C2C-C6048BD22685}.Debug|iPhone.Build.0 = Debug|iPhone
		{818C9976-280C-412E-8C2C-C6048BD22685}.Debug|iPhoneSimulator.ActiveCfg = Debug|iPhoneSimulator
		{818C9976-280C-412E-8C2C-C6048BD22685}.Debug|iPhoneSimulator.Build.0 = Debug|iPhoneSimulator
		{818C9976-280C-412E-8C2C-C6048BD22685}.Debug|x64.ActiveCfg = Debug|iPhone
		{818C9976-280C-412E-8C2C-C6048BD22685}.Debug|x86.ActiveCfg = Debug|iPhone
		{818C9976-280C-412E-8C2C-C6048BD22685}.Release|Any CPU.ActiveCfg = Release|iPhone
		{818C9976-280C-412E-8C2C-C6048BD22685}.Release|ARM.ActiveCfg = Release|iPhone
		{818C9976-280C-412E-8C2C-C6048BD22685}.Release|iPhone.ActiveCfg = Release|iPhone
		{818C9976-280C-412E-8C2C-C6048BD22685}.Release|iPhone.Build.0 = Release|iPhone
		{818C9976-280C-412E-8C2C-C6048BD22685}.Release|iPhoneSimulator.ActiveCfg = Release|iPhoneSimulator
		{818C9976-280C-412E-8C2C-C6048BD22685}.Release|iPhoneSimulator.Build.0 = Release|iPhoneSimulator
		{818C9976-280C-412E-8C2C-C6048BD22685}.Release|x64.ActiveCfg = Release|iPhone
		{818C9976-280C-412E-8C2C-C6048BD22685}.Release|x86.ActiveCfg = Release|iPhone
	EndGlobalSection
	GlobalSection(SolutionProperties) = preSolution
		HideSolutionNode = FALSE
	EndGlobalSection
	GlobalSection(ExtensibilityGlobals) = postSolution
		SolutionGuid = {15A97582-FB6D-4478-AE8B-58DDF5853366}
	EndGlobalSection
EndGlobal
